
Microsoft Visual Studio Solution File, Format Version 10.00
# Visual Studio 2008
Project("{FAE04EC0-301F-11D3-BF4B-00C04F79EFBC}") = "Recipe_01_01", "Recipe_01_01\Recipe_01_01.csproj", "{CBC2770B-8C02-4513-869F-430CD6264CF3}"
EndProject
Project("{FAE04EC0-301F-11D3-BF4B-00C04F79EFBC}") = "Recipe_01_03", "Recipe_01_03\Recipe_01_03.csproj", "{8D454ABD-6368-48E3-88AD-7B66E1FCE93A}"
EndProject
Project("{FAE04EC0-301F-11D3-BF4B-00C04F79EFBC}") = "Recipe_01_04", "Recipe_01_04\Recipe_01_04.csproj", "{38470AA5-A4C2-48D8-9ED6-0D7131964E5B}"
EndProject
Project("{FAE04EC0-301F-11D3-BF4B-00C04F79EFBC}") = "Recipe_01_16", "Recipe_01_16\Recipe_01_16.csproj", "{FEA806E2-3E5B-47BA-A155-4403E5BC9D05}"
EndProject
Project("{FAE04EC0-301F-11D3-BF4B-00C04F79EFBC}") = "Recipe_01_17", "Recipe_01_17\Recipe_01_17.csproj", "{CFC272E9-7445-4E0D-B144-91BB70A0D761}"
EndProject
Project("{FAE04EC0-301F-11D3-BF4B-00C04F79EFBC}") = "Recipe_01_10", "Recipe_01_10\Recipe_01_10.csproj", "{C9704E66-A1D6-4A9E-ACBA-29EA10B7F16E}"
EndProject
Project("{FAE04EC0-301F-11D3-BF4B-00C04F79EFBC}") = "Recipe_01_11", "Recipe_01_11\Recipe_01_11.csproj", "{38DEF3CF-1E3A-4108-95C7-366A16FC22BE}"
EndProject
Project("{FAE04EC0-301F-11D3-BF4B-00C04F79EFBC}") = "Recipe_01_06", "Recipe_01_06\Recipe_01_06.csproj", "{B4A1A430-EB41-4FB5-A047-EA783D65086A}"
EndProject
Project("{FAE04EC0-301F-11D3-BF4B-00C04F79EFBC}") = "Recipe_01_08", "Recipe_01_08\Recipe_01_08.csproj", "{9E822531-DA85-494D-A085-26C3918E31DB}"
EndProject
Project("{FAE04EC0-301F-11D3-BF4B-00C04F79EFBC}") = "Recipe_01_09", "Recipe_01_09\Recipe_01_09.csproj", "{F3C5540A-E54C-4C4F-8EF5-936843A217A1}"
EndProject
Project("{FAE04EC0-301F-11D3-BF4B-00C04F79EFBC}") = "Recipe_01_14", "Recipe_01_14\Recipe_01_14.csproj", "{EF0FD1D6-6722-4010-97AE-DB5CFD46059E}"
EndProject
Project("{FAE04EC0-301F-11D3-BF4B-00C04F79EFBC}") = "Recipe_01_15", "Recipe_01_15\Recipe_01_15.csproj", "{A6674A52-1C3A-404F-BD36-BB43EB5B8A1D}"
EndProject
Project("{FAE04EC0-301F-11D3-BF4B-00C04F79EFBC}") = "Recipe_01_12", "Recipe_01_12\Recipe_01_12.csproj", "{2FC59BBB-BBC4-438E-B869-5B0698E05889}"
EndProject
Project("{FAE04EC0-301F-11D3-BF4B-00C04F79EFBC}") = "Recipe_01_07", "Recipe_01_07\Recipe_01_07.csproj", "{4FB2E164-8E27-4A4E-9FBD-8B0315E8937D}"
EndProject
Project("{FAE04EC0-301F-11D3-BF4B-00C04F79EFBC}") = "Recipe_01_02", "Recipe_01_02\Recipe_01_02.csproj", "{3B599B33-919E-41CE-9660-36DE3CD572D4}"
EndProject
Project("{FAE04EC0-301F-11D3-BF4B-00C04F79EFBC}") = "Recipe_01_13", "Recipe_01_13\Recipe_01_13.csproj", "{B5EE5C1A-A247-450F-974A-9E1F12576AD7}"
EndProject
Project("{FAE04EC0-301F-11D3-BF4B-00C04F79EFBC}") = "Recipe_01_05", "Recipe_01_05\Recipe_01_05.csproj", "{744EED4D-2401-4DDE-B8CE-620D693A86A7}"
EndProject
Global
	GlobalSection(SolutionConfigurationPlatforms) = preSolution
		Debug|Any CPU = Debug|Any CPU
		Release|Any CPU = Release|Any CPU
	EndGlobalSection
	GlobalSection(ProjectConfigurationPlatforms) = postSolution
		{CBC2770B-8C02-4513-869F-430CD6264CF3}.Debug|Any CPU.ActiveCfg = Debug|Any CPU
		{CBC2770B-8C02-4513-869F-430CD6264CF3}.Debug|Any CPU.Build.0 = Debug|Any CPU
		{CBC2770B-8C02-4513-869F-430CD6264CF3}.Release|Any CPU.ActiveCfg = Release|Any CPU
		{CBC2770B-8C02-4513-869F-430CD6264CF3}.Release|Any CPU.Build.0 = Release|Any CPU
		{8D454ABD-6368-48E3-88AD-7B66E1FCE93A}.Debug|Any CPU.ActiveCfg = Debug|Any CPU
		{8D454ABD-6368-48E3-88AD-7B66E1FCE93A}.Debug|Any CPU.Build.0 = Debug|Any CPU
		{8D454ABD-6368-48E3-88AD-7B66E1FCE93A}.Release|Any CPU.ActiveCfg = Release|Any CPU
		{8D454ABD-6368-48E3-88AD-7B66E1FCE93A}.Release|Any CPU.Build.0 = Release|Any CPU
		{38470AA5-A4C2-48D8-9ED6-0D7131964E5B}.Debug|Any CPU.ActiveCfg = Debug|Any CPU
		{38470AA5-A4C2-48D8-9ED6-0D7131964E5B}.Debug|Any CPU.Build.0 = Debug|Any CPU
		{38470AA5-A4C2-48D8-9ED6-0D7131964E5B}.Release|Any CPU.ActiveCfg = Release|Any CPU
		{38470AA5-A4C2-48D8-9ED6-0D7131964E5B}.Release|Any CPU.Build.0 = Release|Any CPU
		{FEA806E2-3E5B-47BA-A155-4403E5BC9D05}.Debug|Any CPU.ActiveCfg = Debug|Any CPU
		{FEA806E2-3E5B-47BA-A155-4403E5BC9D05}.Debug|Any CPU.Build.0 = Debug|Any CPU
		{FEA806E2-3E5B-47BA-A155-4403E5BC9D05}.Release|Any CPU.ActiveCfg = Release|Any CPU
		{FEA806E2-3E5B-47BA-A155-4403E5BC9D05}.Release|Any CPU.Build.0 = Release|Any CPU
		{CFC272E9-7445-4E0D-B144-91BB70A0D761}.Debug|Any CPU.ActiveCfg = Debug|Any CPU
		{CFC272E9-7445-4E0D-B144-91BB70A0D761}.Debug|Any CPU.Build.0 = Debug|Any CPU
		{CFC272E9-7445-4E0D-B144-91BB70A0D761}.Release|Any CPU.ActiveCfg = Release|Any CPU
		{CFC272E9-7445-4E0D-B144-91BB70A0D761}.Release|Any CPU.Build.0 = Release|Any CPU
		{C9704E66-A1D6-4A9E-ACBA-29EA10B7F16E}.Debug|Any CPU.ActiveCfg = Debug|Any CPU
		{C9704E66-A1D6-4A9E-ACBA-29EA10B7F16E}.Debug|Any CPU.Build.0 = Debug|Any CPU
		{C9704E66-A1D6-4A9E-ACBA-29EA10B7F16E}.Release|Any CPU.ActiveCfg = Release|Any CPU
		{C9704E66-A1D6-4A9E-ACBA-29EA10B7F16E}.Release|Any CPU.Build.0 = Release|Any CPU
		{38DEF3CF-1E3A-4108-95C7-366A16FC22BE}.Debug|Any CPU.ActiveCfg = Debug|Any CPU
		{38DEF3CF-1E3A-4108-95C7-366A16FC22BE}.Debug|Any CPU.Build.0 = Debug|Any CPU
		{38DEF3CF-1E3A-4108-95C7-366A16FC22BE}.Release|Any CPU.ActiveCfg = Release|Any CPU
		{38DEF3CF-1E3A-4108-95C7-366A16FC22BE}.Release|Any CPU.Build.0 = Release|Any CPU
		{B4A1A430-EB41-4FB5-A047-EA783D65086A}.Debug|Any CPU.ActiveCfg = Debug|Any CPU
		{B4A1A430-EB41-4FB5-A047-EA783D65086A}.Debug|Any CPU.Build.0 = Debug|Any CPU
		{B4A1A430-EB41-4FB5-A047-EA783D65086A}.Release|Any CPU.ActiveCfg = Release|Any CPU
		{B4A1A430-EB41-4FB5-A047-EA783D65086A}.Release|Any CPU.Build.0 = Release|Any CPU
		{9E822531-DA85-494D-A085-26C3918E31DB}.Debug|Any CPU.ActiveCfg = Debug|Any CPU
		{9E822531-DA85-494D-A085-26C3918E31DB}.Debug|Any CPU.Build.0 = Debug|Any CPU
		{9E822531-DA85-494D-A085-26C3918E31DB}.Release|Any CPU.ActiveCfg = Release|Any CPU
		{9E822531-DA85-494D-A085-26C3918E31DB}.Release|Any CPU.Build.0 = Release|Any CPU
		{F3C5540A-E54C-4C4F-8EF5-936843A217A1}.Debug|Any CPU.ActiveCfg = Debug|Any CPU
		{F3C5540A-E54C-4C4F-8EF5-936843A217A1}.Debug|Any CPU.Build.0 = Debug|Any CPU
		{F3C5540A-E54C-4C4F-8EF5-936843A217A1}.Release|Any CPU.ActiveCfg = Release|Any CPU
		{F3C5540A-E54C-4C4F-8EF5-936843A217A1}.Release|Any CPU.Build.0 = Release|Any CPU
		{EF0FD1D6-6722-4010-97AE-DB5CFD46059E}.Debug|Any CPU.ActiveCfg = Debug|Any CPU
		{EF0FD1D6-6722-4010-97AE-DB5CFD46059E}.Debug|Any CPU.Build.0 = Debug|Any CPU
		{EF0FD1D6-6722-4010-97AE-DB5CFD46059E}.Release|Any CPU.ActiveCfg = Release|Any CPU
		{EF0FD1D6-6722-4010-97AE-DB5CFD46059E}.Release|Any CPU.Build.0 = Release|Any CPU
		{A6674A52-1C3A-404F-BD36-BB43EB5B8A1D}.Debug|Any CPU.ActiveCfg = Debug|Any CPU
		{A6674A52-1C3A-404F-BD36-BB43EB5B8A1D}.Debug|Any CPU.Build.0 = Debug|Any CPU
		{A6674A52-1C3A-404F-BD36-BB43EB5B8A1D}.Release|Any CPU.ActiveCfg = Release|Any CPU
		{A6674A52-1C3A-404F-BD36-BB43EB5B8A1D}.Release|Any CPU.Build.0 = Release|Any CPU
		{2FC59BBB-BBC4-438E-B869-5B0698E05889}.Debug|Any CPU.ActiveCfg = Debug|Any CPU
		{2FC59BBB-BBC4-438E-B869-5B0698E05889}.Debug|Any CPU.Build.0 = Debug|Any CPU
		{2FC59BBB-BBC4-438E-B869-5B0698E05889}.Release|Any CPU.ActiveCfg = Release|Any CPU
		{2FC59BBB-BBC4-438E-B869-5B0698E05889}.Release|Any CPU.Build.0 = Release|Any CPU
		{4FB2E164-8E27-4A4E-9FBD-8B0315E8937D}.Debug|Any CPU.ActiveCfg = Debug|Any CPU
		{4FB2E164-8E27-4A4E-9FBD-8B0315E8937D}.Debug|Any CPU.Build.0 = Debug|Any CPU
		{4FB2E164-8E27-4A4E-9FBD-8B0315E8937D}.Release|Any CPU.ActiveCfg = Release|Any CPU
		{4FB2E164-8E27-4A4E-9FBD-8B0315E8937D}.Release|Any CPU.Build.0 = Release|Any CPU
		{3B599B33-919E-41CE-9660-36DE3CD572D4}.Debug|Any CPU.ActiveCfg = Debug|Any CPU
		{3B599B33-919E-41CE-9660-36DE3CD572D4}.Debug|Any CPU.Build.0 = Debug|Any CPU
		{3B599B33-919E-41CE-9660-36DE3CD572D4}.Release|Any CPU.ActiveCfg = Release|Any CPU
		{3B599B33-919E-41CE-9660-36DE3CD572D4}.Release|Any CPU.Build.0 = Release|Any CPU
		{B5EE5C1A-A247-450F-974A-9E1F12576AD7}.Debug|Any CPU.ActiveCfg = Debug|Any CPU
		{B5EE5C1A-A247-450F-974A-9E1F12576AD7}.Debug|Any CPU.Build.0 = Debug|Any CPU
		{B5EE5C1A-A247-450F-974A-9E1F12576AD7}.Release|Any CPU.ActiveCfg = Release|Any CPU
		{B5EE5C1A-A247-450F-974A-9E1F12576AD7}.Release|Any CPU.Build.0 = Release|Any CPU
		{744EED4D-2401-4DDE-B8CE-620D693A86A7}.Debug|Any CPU.ActiveCfg = Debug|Any CPU
		{744EED4D-2401-4DDE-B8CE-620D693A86A7}.Debug|Any CPU.Build.0 = Debug|Any CPU
		{744EED4D-2401-4DDE-B8CE-620D693A86A7}.Release|Any CPU.ActiveCfg = Release|Any CPU
		{744EED4D-2401-4DDE-B8CE-620D693A86A7}.Release|Any CPU.Build.0 = Release|Any CPU
	EndGlobalSection
	GlobalSection(SolutionProperties) = preSolution
		HideSolutionNode = FALSE
	EndGlobalSection
EndGlobal
