
Microsoft Visual Studio Solution File, Format Version 10.00
# Visual C# Express 2008
Project("{FAE04EC0-301F-11D3-BF4B-00C04F79EFBC}") = "Recipe_04_01", "Recipe_04_01\Recipe_04_01.csproj", "{38865B11-7D5F-4CA8-BE09-DA87EEA260C1}"
EndProject
Project("{FAE04EC0-301F-11D3-BF4B-00C04F79EFBC}") = "Recipe_04_02", "Recipe_04_02\Recipe_04_02.csproj", "{A301F8B0-BF92-4D51-B394-0C71E6D6B3A4}"
EndProject
Project("{FAE04EC0-301F-11D3-BF4B-00C04F79EFBC}") = "Recipe_04_03", "Recipe_04_03\Recipe_04_03.csproj", "{BC338929-F301-46C7-B3BD-AF0DE50E8F45}"
EndProject
Project("{FAE04EC0-301F-11D3-BF4B-00C04F79EFBC}") = "Recipe_04_04", "Recipe_04_04\Recipe_04_04.csproj", "{6DD592EC-D2C6-4D9B-BC23-4F0C8838C657}"
EndProject
Project("{FAE04EC0-301F-11D3-BF4B-00C04F79EFBC}") = "Recipe_04_05", "Recipe_04_05\Recipe_04_05.csproj", "{1A5C016C-B522-499C-856D-24BC7EE645F7}"
EndProject
Project("{FAE04EC0-301F-11D3-BF4B-00C04F79EFBC}") = "Recipe_04_06", "Recipe_04_06\Recipe_04_06.csproj", "{CC227684-93BC-44B0-826E-358278D62666}"
EndProject
Project("{FAE04EC0-301F-11D3-BF4B-00C04F79EFBC}") = "Recipe_04_07", "Recipe_04_07\Recipe_04_07.csproj", "{C82F0AC8-E639-46D3-A04E-4845E93E3ACD}"
EndProject
Project("{FAE04EC0-301F-11D3-BF4B-00C04F79EFBC}") = "Recipe_04_08", "Recipe_04_08\Recipe_04_08.csproj", "{65E530EB-C19D-40F9-BDB7-6D911A8075DA}"
EndProject
Project("{FAE04EC0-301F-11D3-BF4B-00C04F79EFBC}") = "Recipe_04_09", "Recipe_04_09\Recipe_04_09.csproj", "{19281070-E430-4616-912A-FAB129D6FF7D}"
EndProject
Project("{FAE04EC0-301F-11D3-BF4B-00C04F79EFBC}") = "Recipe_04_10", "Recipe_04_10\Recipe_04_10.csproj", "{F18945B2-6B97-4099-85DF-9C9EB1D18BCD}"
EndProject
Project("{FAE04EC0-301F-11D3-BF4B-00C04F79EFBC}") = "Recipe_04_11", "Recipe_04_11\Recipe_04_11.csproj", "{139870D5-3C4A-4F7C-A353-94F8E91CCC59}"
EndProject
Project("{FAE04EC0-301F-11D3-BF4B-00C04F79EFBC}") = "Recipe_04_12", "Recipe_04_12\Recipe_04_12.csproj", "{926B7E57-6186-4290-846A-2A3725A8875D}"
EndProject
Project("{FAE04EC0-301F-11D3-BF4B-00C04F79EFBC}") = "Recipe_04_13", "Recipe_04_13\Recipe_04_13.csproj", "{E04825D6-C185-4919-8876-30977C275F71}"
EndProject
Project("{FAE04EC0-301F-11D3-BF4B-00C04F79EFBC}") = "Recipe_04_14", "Recipe_04_14\Recipe_04_14.csproj", "{AFA627BD-AA37-41C9-B7C6-7AF7E42355B8}"
EndProject
Project("{FAE04EC0-301F-11D3-BF4B-00C04F79EFBC}") = "Recipe_04_15", "Recipe_04_15\Recipe_04_15.csproj", "{E12B69D8-CCC5-44CB-9637-506457E69754}"
EndProject
Global
	GlobalSection(SolutionConfigurationPlatforms) = preSolution
		Debug|Any CPU = Debug|Any CPU
		Release|Any CPU = Release|Any CPU
	EndGlobalSection
	GlobalSection(ProjectConfigurationPlatforms) = postSolution
		{38865B11-7D5F-4CA8-BE09-DA87EEA260C1}.Debug|Any CPU.ActiveCfg = Debug|Any CPU
		{38865B11-7D5F-4CA8-BE09-DA87EEA260C1}.Debug|Any CPU.Build.0 = Debug|Any CPU
		{38865B11-7D5F-4CA8-BE09-DA87EEA260C1}.Release|Any CPU.ActiveCfg = Release|Any CPU
		{38865B11-7D5F-4CA8-BE09-DA87EEA260C1}.Release|Any CPU.Build.0 = Release|Any CPU
		{A301F8B0-BF92-4D51-B394-0C71E6D6B3A4}.Debug|Any CPU.ActiveCfg = Debug|Any CPU
		{A301F8B0-BF92-4D51-B394-0C71E6D6B3A4}.Debug|Any CPU.Build.0 = Debug|Any CPU
		{A301F8B0-BF92-4D51-B394-0C71E6D6B3A4}.Release|Any CPU.ActiveCfg = Release|Any CPU
		{A301F8B0-BF92-4D51-B394-0C71E6D6B3A4}.Release|Any CPU.Build.0 = Release|Any CPU
		{BC338929-F301-46C7-B3BD-AF0DE50E8F45}.Debug|Any CPU.ActiveCfg = Debug|Any CPU
		{BC338929-F301-46C7-B3BD-AF0DE50E8F45}.Debug|Any CPU.Build.0 = Debug|Any CPU
		{BC338929-F301-46C7-B3BD-AF0DE50E8F45}.Release|Any CPU.ActiveCfg = Release|Any CPU
		{BC338929-F301-46C7-B3BD-AF0DE50E8F45}.Release|Any CPU.Build.0 = Release|Any CPU
		{6DD592EC-D2C6-4D9B-BC23-4F0C8838C657}.Debug|Any CPU.ActiveCfg = Debug|Any CPU
		{6DD592EC-D2C6-4D9B-BC23-4F0C8838C657}.Debug|Any CPU.Build.0 = Debug|Any CPU
		{6DD592EC-D2C6-4D9B-BC23-4F0C8838C657}.Release|Any CPU.ActiveCfg = Release|Any CPU
		{6DD592EC-D2C6-4D9B-BC23-4F0C8838C657}.Release|Any CPU.Build.0 = Release|Any CPU
		{1A5C016C-B522-499C-856D-24BC7EE645F7}.Debug|Any CPU.ActiveCfg = Debug|Any CPU
		{1A5C016C-B522-499C-856D-24BC7EE645F7}.Debug|Any CPU.Build.0 = Debug|Any CPU
		{1A5C016C-B522-499C-856D-24BC7EE645F7}.Release|Any CPU.ActiveCfg = Release|Any CPU
		{1A5C016C-B522-499C-856D-24BC7EE645F7}.Release|Any CPU.Build.0 = Release|Any CPU
		{CC227684-93BC-44B0-826E-358278D62666}.Debug|Any CPU.ActiveCfg = Debug|Any CPU
		{CC227684-93BC-44B0-826E-358278D62666}.Debug|Any CPU.Build.0 = Debug|Any CPU
		{CC227684-93BC-44B0-826E-358278D62666}.Release|Any CPU.ActiveCfg = Release|Any CPU
		{CC227684-93BC-44B0-826E-358278D62666}.Release|Any CPU.Build.0 = Release|Any CPU
		{C82F0AC8-E639-46D3-A04E-4845E93E3ACD}.Debug|Any CPU.ActiveCfg = Debug|Any CPU
		{C82F0AC8-E639-46D3-A04E-4845E93E3ACD}.Debug|Any CPU.Build.0 = Debug|Any CPU
		{C82F0AC8-E639-46D3-A04E-4845E93E3ACD}.Release|Any CPU.ActiveCfg = Release|Any CPU
		{C82F0AC8-E639-46D3-A04E-4845E93E3ACD}.Release|Any CPU.Build.0 = Release|Any CPU
		{65E530EB-C19D-40F9-BDB7-6D911A8075DA}.Debug|Any CPU.ActiveCfg = Debug|Any CPU
		{65E530EB-C19D-40F9-BDB7-6D911A8075DA}.Debug|Any CPU.Build.0 = Debug|Any CPU
		{65E530EB-C19D-40F9-BDB7-6D911A8075DA}.Release|Any CPU.ActiveCfg = Release|Any CPU
		{65E530EB-C19D-40F9-BDB7-6D911A8075DA}.Release|Any CPU.Build.0 = Release|Any CPU
		{19281070-E430-4616-912A-FAB129D6FF7D}.Debug|Any CPU.ActiveCfg = Debug|Any CPU
		{19281070-E430-4616-912A-FAB129D6FF7D}.Debug|Any CPU.Build.0 = Debug|Any CPU
		{19281070-E430-4616-912A-FAB129D6FF7D}.Release|Any CPU.ActiveCfg = Release|Any CPU
		{19281070-E430-4616-912A-FAB129D6FF7D}.Release|Any CPU.Build.0 = Release|Any CPU
		{F18945B2-6B97-4099-85DF-9C9EB1D18BCD}.Debug|Any CPU.ActiveCfg = Debug|Any CPU
		{F18945B2-6B97-4099-85DF-9C9EB1D18BCD}.Debug|Any CPU.Build.0 = Debug|Any CPU
		{F18945B2-6B97-4099-85DF-9C9EB1D18BCD}.Release|Any CPU.ActiveCfg = Release|Any CPU
		{F18945B2-6B97-4099-85DF-9C9EB1D18BCD}.Release|Any CPU.Build.0 = Release|Any CPU
		{139870D5-3C4A-4F7C-A353-94F8E91CCC59}.Debug|Any CPU.ActiveCfg = Debug|Any CPU
		{139870D5-3C4A-4F7C-A353-94F8E91CCC59}.Debug|Any CPU.Build.0 = Debug|Any CPU
		{139870D5-3C4A-4F7C-A353-94F8E91CCC59}.Release|Any CPU.ActiveCfg = Release|Any CPU
		{139870D5-3C4A-4F7C-A353-94F8E91CCC59}.Release|Any CPU.Build.0 = Release|Any CPU
		{926B7E57-6186-4290-846A-2A3725A8875D}.Debug|Any CPU.ActiveCfg = Debug|Any CPU
		{926B7E57-6186-4290-846A-2A3725A8875D}.Debug|Any CPU.Build.0 = Debug|Any CPU
		{926B7E57-6186-4290-846A-2A3725A8875D}.Release|Any CPU.ActiveCfg = Release|Any CPU
		{926B7E57-6186-4290-846A-2A3725A8875D}.Release|Any CPU.Build.0 = Release|Any CPU
		{E04825D6-C185-4919-8876-30977C275F71}.Debug|Any CPU.ActiveCfg = Debug|Any CPU
		{E04825D6-C185-4919-8876-30977C275F71}.Debug|Any CPU.Build.0 = Debug|Any CPU
		{E04825D6-C185-4919-8876-30977C275F71}.Release|Any CPU.ActiveCfg = Release|Any CPU
		{E04825D6-C185-4919-8876-30977C275F71}.Release|Any CPU.Build.0 = Release|Any CPU
		{AFA627BD-AA37-41C9-B7C6-7AF7E42355B8}.Debug|Any CPU.ActiveCfg = Debug|Any CPU
		{AFA627BD-AA37-41C9-B7C6-7AF7E42355B8}.Debug|Any CPU.Build.0 = Debug|Any CPU
		{AFA627BD-AA37-41C9-B7C6-7AF7E42355B8}.Release|Any CPU.ActiveCfg = Release|Any CPU
		{AFA627BD-AA37-41C9-B7C6-7AF7E42355B8}.Release|Any CPU.Build.0 = Release|Any CPU
		{E12B69D8-CCC5-44CB-9637-506457E69754}.Debug|Any CPU.ActiveCfg = Debug|Any CPU
		{E12B69D8-CCC5-44CB-9637-506457E69754}.Debug|Any CPU.Build.0 = Debug|Any CPU
		{E12B69D8-CCC5-44CB-9637-506457E69754}.Release|Any CPU.ActiveCfg = Release|Any CPU
		{E12B69D8-CCC5-44CB-9637-506457E69754}.Release|Any CPU.Build.0 = Release|Any CPU
	EndGlobalSection
	GlobalSection(SolutionProperties) = preSolution
		HideSolutionNode = FALSE
	EndGlobalSection
EndGlobal
