
Microsoft Visual Studio Solution File, Format Version 10.00
# Visual C# Express 2008
Project("{FAE04EC0-301F-11D3-BF4B-00C04F79EFBC}") = "Recipe_13_03", "Recipe_13_03\Recipe_13_03.csproj", "{694BF43C-1DFC-4ACF-B11A-3F16E57AF6AD}"
EndProject
Project("{FAE04EC0-301F-11D3-BF4B-00C04F79EFBC}") = "Recipe_13_04", "Recipe_13_04\Recipe_13_04.csproj", "{FBE1259A-358E-43BF-9BF3-C95E44706250}"
EndProject
Project("{FAE04EC0-301F-11D3-BF4B-00C04F79EFBC}") = "Recipe_13_01", "Recipe_13_01\Recipe_13_01.csproj", "{6C4882B6-DDE8-466F-B15E-6C8F7A4F7DC5}"
EndProject
Project("{FAE04EC0-301F-11D3-BF4B-00C04F79EFBC}") = "Recipe_13_02", "Recipe_13_02\Recipe_13_02.csproj", "{C122D3D4-FC6D-4D9E-A480-17DBBF63B52E}"
EndProject
Global
	GlobalSection(SolutionConfigurationPlatforms) = preSolution
		Debug|Any CPU = Debug|Any CPU
		Release|Any CPU = Release|Any CPU
	EndGlobalSection
	GlobalSection(ProjectConfigurationPlatforms) = postSolution
		{694BF43C-1DFC-4ACF-B11A-3F16E57AF6AD}.Debug|Any CPU.ActiveCfg = Debug|Any CPU
		{694BF43C-1DFC-4ACF-B11A-3F16E57AF6AD}.Debug|Any CPU.Build.0 = Debug|Any CPU
		{694BF43C-1DFC-4ACF-B11A-3F16E57AF6AD}.Release|Any CPU.ActiveCfg = Release|Any CPU
		{694BF43C-1DFC-4ACF-B11A-3F16E57AF6AD}.Release|Any CPU.Build.0 = Release|Any CPU
		{FBE1259A-358E-43BF-9BF3-C95E44706250}.Debug|Any CPU.ActiveCfg = Debug|Any CPU
		{FBE1259A-358E-43BF-9BF3-C95E44706250}.Debug|Any CPU.Build.0 = Debug|Any CPU
		{FBE1259A-358E-43BF-9BF3-C95E44706250}.Release|Any CPU.ActiveCfg = Release|Any CPU
		{FBE1259A-358E-43BF-9BF3-C95E44706250}.Release|Any CPU.Build.0 = Release|Any CPU
		{6C4882B6-DDE8-466F-B15E-6C8F7A4F7DC5}.Debug|Any CPU.ActiveCfg = Debug|Any CPU
		{6C4882B6-DDE8-466F-B15E-6C8F7A4F7DC5}.Debug|Any CPU.Build.0 = Debug|Any CPU
		{6C4882B6-DDE8-466F-B15E-6C8F7A4F7DC5}.Release|Any CPU.ActiveCfg = Release|Any CPU
		{6C4882B6-DDE8-466F-B15E-6C8F7A4F7DC5}.Release|Any CPU.Build.0 = Release|Any CPU
		{C122D3D4-FC6D-4D9E-A480-17DBBF63B52E}.Debug|Any CPU.ActiveCfg = Debug|Any CPU
		{C122D3D4-FC6D-4D9E-A480-17DBBF63B52E}.Debug|Any CPU.Build.0 = Debug|Any CPU
		{C122D3D4-FC6D-4D9E-A480-17DBBF63B52E}.Release|Any CPU.ActiveCfg = Release|Any CPU
		{C122D3D4-FC6D-4D9E-A480-17DBBF63B52E}.Release|Any CPU.Build.0 = Release|Any CPU
	EndGlobalSection
	GlobalSection(SolutionProperties) = preSolution
		HideSolutionNode = FALSE
	EndGlobalSection
EndGlobal
