
Microsoft Visual Studio Solution File, Format Version 10.00
# Visual C# Express 2008
Project("{FAE04EC0-301F-11D3-BF4B-00C04F79EFBC}") = "Recipe_05_01", "Recipe_05_01\Recipe_05_01.csproj", "{AB8B3DA1-1732-410E-B517-6AB09AE7CF5E}"
EndProject
Project("{FAE04EC0-301F-11D3-BF4B-00C04F79EFBC}") = "Recipe_05_02", "Recipe_05_02\Recipe_05_02.csproj", "{7E77DAC7-469C-4911-B932-88DB63230F1C}"
EndProject
Project("{FAE04EC0-301F-11D3-BF4B-00C04F79EFBC}") = "Recipe_05_03", "Recipe_05_03\Recipe_05_03.csproj", "{9CFE75D8-ADFB-4798-BB76-EC741DDD75D1}"
EndProject
Project("{FAE04EC0-301F-11D3-BF4B-00C04F79EFBC}") = "Recipe_05_04", "Recipe_05_04\Recipe_05_04.csproj", "{965DA282-650D-4311-AC53-E7C141D9CF0D}"
EndProject
Project("{FAE04EC0-301F-11D3-BF4B-00C04F79EFBC}") = "Recipe_05_05", "Recipe_05_05\Recipe_05_05.csproj", "{94AEF277-7978-4FC6-9B5D-955B8FA5EFEC}"
EndProject
Project("{FAE04EC0-301F-11D3-BF4B-00C04F79EFBC}") = "Recipe_05_06", "Recipe_05_06\Recipe_05_06.csproj", "{38F4F084-517B-409C-8C7E-5C439D133A8E}"
EndProject
Project("{FAE04EC0-301F-11D3-BF4B-00C04F79EFBC}") = "Recipe_05_07", "Recipe_05_07\Recipe_05_07.csproj", "{FAD8E2C7-E0DA-4FB0-874F-93AEF5939D78}"
EndProject
Project("{FAE04EC0-301F-11D3-BF4B-00C04F79EFBC}") = "Recipe_05_08", "Recipe_05_08\Recipe_05_08.csproj", "{D31F0AA4-D9FE-4C2A-A8E8-9F85D71B808D}"
EndProject
Project("{FAE04EC0-301F-11D3-BF4B-00C04F79EFBC}") = "Recipe_05_09", "Recipe_05_09\Recipe_05_09.csproj", "{FAA1410A-1810-4917-9ABE-B84383A815BB}"
EndProject
Project("{FAE04EC0-301F-11D3-BF4B-00C04F79EFBC}") = "Recipe_05_10", "Recipe_05_10\Recipe_05_10.csproj", "{CD719853-4203-43E0-AFBD-91F5E2B59AAE}"
EndProject
Project("{FAE04EC0-301F-11D3-BF4B-00C04F79EFBC}") = "Recipe_05_11", "Recipe_05_11\Recipe_05_11.csproj", "{75F57A99-B16F-4A60-B09E-C718A69CBD80}"
EndProject
Project("{FAE04EC0-301F-11D3-BF4B-00C04F79EFBC}") = "Recipe_05_12", "Recipe_05_12\Recipe_05_12.csproj", "{497C05F1-6B2D-4E16-A6B7-9ACADC2E3FDE}"
EndProject
Project("{FAE04EC0-301F-11D3-BF4B-00C04F79EFBC}") = "Recipe_05_13", "Recipe_05_13\Recipe_05_13.csproj", "{F48315C8-D406-4AAB-9AA2-0E39D4ECA969}"
EndProject
Project("{FAE04EC0-301F-11D3-BF4B-00C04F79EFBC}") = "Recipe_05_14", "Recipe_05_14\Recipe_05_14.csproj", "{4A747362-1C14-4542-8F73-2CC75885ED70}"
EndProject
Project("{FAE04EC0-301F-11D3-BF4B-00C04F79EFBC}") = "Recipe_05_15", "Recipe_05_15\Recipe_05_15.csproj", "{6E47A55C-28A4-47AD-A865-337ECBF54F75}"
EndProject
Project("{FAE04EC0-301F-11D3-BF4B-00C04F79EFBC}") = "Recipe_05_16", "Recipe_05_16\Recipe_05_16.csproj", "{B699DF88-0652-4809-9361-5CE5474F782C}"
EndProject
Project("{FAE04EC0-301F-11D3-BF4B-00C04F79EFBC}") = "Recipe_05_17", "Recipe_05_17\Recipe_05_17.csproj", "{A166B819-AB8F-4155-97C5-C3BECA02F693}"
EndProject
Project("{FAE04EC0-301F-11D3-BF4B-00C04F79EFBC}") = "Recipe_05_18", "Recipe_05_18\Recipe_05_18.csproj", "{4502A497-DB08-4BFA-90B8-6C1DA82709A6}"
EndProject
Project("{FAE04EC0-301F-11D3-BF4B-00C04F79EFBC}") = "Recipe_05_19", "Recipe_05_19\Recipe_05_19.csproj", "{5CE8BC16-D659-4B45-8951-15CAAF4B1F58}"
EndProject
Project("{FAE04EC0-301F-11D3-BF4B-00C04F79EFBC}") = "Recipe_05_20", "Recipe_05_20\Recipe_05_20.csproj", "{3C8DA23B-C1A7-4268-BD4A-DF49E915D0EC}"
EndProject
Project("{FAE04EC0-301F-11D3-BF4B-00C04F79EFBC}") = "Recipe_05_21", "Recipe_05_21\Recipe_05_21.csproj", "{B0FDC4F7-247B-4F2E-8E05-B317AA92F5FC}"
EndProject
Project("{FAE04EC0-301F-11D3-BF4B-00C04F79EFBC}") = "Recipe_05_22", "Recipe_05_22\Recipe_05_22.csproj", "{F7E6A283-EB4A-446F-8E2C-958169A14528}"
EndProject
Project("{FAE04EC0-301F-11D3-BF4B-00C04F79EFBC}") = "Recipe_05_23", "Recipe_05_23\Recipe_05_23.csproj", "{3F863B1C-21A4-4098-842A-C5A77CF215D3}"
EndProject
Project("{FAE04EC0-301F-11D3-BF4B-00C04F79EFBC}") = "Recipe_05_24", "Recipe_05_24\Recipe_05_24.csproj", "{52697BDC-0508-4EB6-9091-C3F3D1CC267F}"
EndProject
Global
	GlobalSection(SolutionConfigurationPlatforms) = preSolution
		Debug|Any CPU = Debug|Any CPU
		Release|Any CPU = Release|Any CPU
	EndGlobalSection
	GlobalSection(ProjectConfigurationPlatforms) = postSolution
		{AB8B3DA1-1732-410E-B517-6AB09AE7CF5E}.Debug|Any CPU.ActiveCfg = Debug|Any CPU
		{AB8B3DA1-1732-410E-B517-6AB09AE7CF5E}.Debug|Any CPU.Build.0 = Debug|Any CPU
		{AB8B3DA1-1732-410E-B517-6AB09AE7CF5E}.Release|Any CPU.ActiveCfg = Release|Any CPU
		{AB8B3DA1-1732-410E-B517-6AB09AE7CF5E}.Release|Any CPU.Build.0 = Release|Any CPU
		{7E77DAC7-469C-4911-B932-88DB63230F1C}.Debug|Any CPU.ActiveCfg = Debug|Any CPU
		{7E77DAC7-469C-4911-B932-88DB63230F1C}.Debug|Any CPU.Build.0 = Debug|Any CPU
		{7E77DAC7-469C-4911-B932-88DB63230F1C}.Release|Any CPU.ActiveCfg = Release|Any CPU
		{7E77DAC7-469C-4911-B932-88DB63230F1C}.Release|Any CPU.Build.0 = Release|Any CPU
		{9CFE75D8-ADFB-4798-BB76-EC741DDD75D1}.Debug|Any CPU.ActiveCfg = Debug|Any CPU
		{9CFE75D8-ADFB-4798-BB76-EC741DDD75D1}.Debug|Any CPU.Build.0 = Debug|Any CPU
		{9CFE75D8-ADFB-4798-BB76-EC741DDD75D1}.Release|Any CPU.ActiveCfg = Release|Any CPU
		{9CFE75D8-ADFB-4798-BB76-EC741DDD75D1}.Release|Any CPU.Build.0 = Release|Any CPU
		{965DA282-650D-4311-AC53-E7C141D9CF0D}.Debug|Any CPU.ActiveCfg = Debug|Any CPU
		{965DA282-650D-4311-AC53-E7C141D9CF0D}.Debug|Any CPU.Build.0 = Debug|Any CPU
		{965DA282-650D-4311-AC53-E7C141D9CF0D}.Release|Any CPU.ActiveCfg = Release|Any CPU
		{965DA282-650D-4311-AC53-E7C141D9CF0D}.Release|Any CPU.Build.0 = Release|Any CPU
		{94AEF277-7978-4FC6-9B5D-955B8FA5EFEC}.Debug|Any CPU.ActiveCfg = Debug|Any CPU
		{94AEF277-7978-4FC6-9B5D-955B8FA5EFEC}.Debug|Any CPU.Build.0 = Debug|Any CPU
		{94AEF277-7978-4FC6-9B5D-955B8FA5EFEC}.Release|Any CPU.ActiveCfg = Release|Any CPU
		{94AEF277-7978-4FC6-9B5D-955B8FA5EFEC}.Release|Any CPU.Build.0 = Release|Any CPU
		{38F4F084-517B-409C-8C7E-5C439D133A8E}.Debug|Any CPU.ActiveCfg = Debug|Any CPU
		{38F4F084-517B-409C-8C7E-5C439D133A8E}.Debug|Any CPU.Build.0 = Debug|Any CPU
		{38F4F084-517B-409C-8C7E-5C439D133A8E}.Release|Any CPU.ActiveCfg = Release|Any CPU
		{38F4F084-517B-409C-8C7E-5C439D133A8E}.Release|Any CPU.Build.0 = Release|Any CPU
		{FAD8E2C7-E0DA-4FB0-874F-93AEF5939D78}.Debug|Any CPU.ActiveCfg = Debug|Any CPU
		{FAD8E2C7-E0DA-4FB0-874F-93AEF5939D78}.Debug|Any CPU.Build.0 = Debug|Any CPU
		{FAD8E2C7-E0DA-4FB0-874F-93AEF5939D78}.Release|Any CPU.ActiveCfg = Release|Any CPU
		{FAD8E2C7-E0DA-4FB0-874F-93AEF5939D78}.Release|Any CPU.Build.0 = Release|Any CPU
		{D31F0AA4-D9FE-4C2A-A8E8-9F85D71B808D}.Debug|Any CPU.ActiveCfg = Debug|Any CPU
		{D31F0AA4-D9FE-4C2A-A8E8-9F85D71B808D}.Debug|Any CPU.Build.0 = Debug|Any CPU
		{D31F0AA4-D9FE-4C2A-A8E8-9F85D71B808D}.Release|Any CPU.ActiveCfg = Release|Any CPU
		{D31F0AA4-D9FE-4C2A-A8E8-9F85D71B808D}.Release|Any CPU.Build.0 = Release|Any CPU
		{FAA1410A-1810-4917-9ABE-B84383A815BB}.Debug|Any CPU.ActiveCfg = Debug|Any CPU
		{FAA1410A-1810-4917-9ABE-B84383A815BB}.Debug|Any CPU.Build.0 = Debug|Any CPU
		{FAA1410A-1810-4917-9ABE-B84383A815BB}.Release|Any CPU.ActiveCfg = Release|Any CPU
		{FAA1410A-1810-4917-9ABE-B84383A815BB}.Release|Any CPU.Build.0 = Release|Any CPU
		{CD719853-4203-43E0-AFBD-91F5E2B59AAE}.Debug|Any CPU.ActiveCfg = Debug|Any CPU
		{CD719853-4203-43E0-AFBD-91F5E2B59AAE}.Debug|Any CPU.Build.0 = Debug|Any CPU
		{CD719853-4203-43E0-AFBD-91F5E2B59AAE}.Release|Any CPU.ActiveCfg = Release|Any CPU
		{CD719853-4203-43E0-AFBD-91F5E2B59AAE}.Release|Any CPU.Build.0 = Release|Any CPU
		{75F57A99-B16F-4A60-B09E-C718A69CBD80}.Debug|Any CPU.ActiveCfg = Debug|Any CPU
		{75F57A99-B16F-4A60-B09E-C718A69CBD80}.Debug|Any CPU.Build.0 = Debug|Any CPU
		{75F57A99-B16F-4A60-B09E-C718A69CBD80}.Release|Any CPU.ActiveCfg = Release|Any CPU
		{75F57A99-B16F-4A60-B09E-C718A69CBD80}.Release|Any CPU.Build.0 = Release|Any CPU
		{497C05F1-6B2D-4E16-A6B7-9ACADC2E3FDE}.Debug|Any CPU.ActiveCfg = Debug|Any CPU
		{497C05F1-6B2D-4E16-A6B7-9ACADC2E3FDE}.Debug|Any CPU.Build.0 = Debug|Any CPU
		{497C05F1-6B2D-4E16-A6B7-9ACADC2E3FDE}.Release|Any CPU.ActiveCfg = Release|Any CPU
		{497C05F1-6B2D-4E16-A6B7-9ACADC2E3FDE}.Release|Any CPU.Build.0 = Release|Any CPU
		{F48315C8-D406-4AAB-9AA2-0E39D4ECA969}.Debug|Any CPU.ActiveCfg = Debug|Any CPU
		{F48315C8-D406-4AAB-9AA2-0E39D4ECA969}.Debug|Any CPU.Build.0 = Debug|Any CPU
		{F48315C8-D406-4AAB-9AA2-0E39D4ECA969}.Release|Any CPU.ActiveCfg = Release|Any CPU
		{F48315C8-D406-4AAB-9AA2-0E39D4ECA969}.Release|Any CPU.Build.0 = Release|Any CPU
		{4A747362-1C14-4542-8F73-2CC75885ED70}.Debug|Any CPU.ActiveCfg = Debug|Any CPU
		{4A747362-1C14-4542-8F73-2CC75885ED70}.Debug|Any CPU.Build.0 = Debug|Any CPU
		{4A747362-1C14-4542-8F73-2CC75885ED70}.Release|Any CPU.ActiveCfg = Release|Any CPU
		{4A747362-1C14-4542-8F73-2CC75885ED70}.Release|Any CPU.Build.0 = Release|Any CPU
		{6E47A55C-28A4-47AD-A865-337ECBF54F75}.Debug|Any CPU.ActiveCfg = Debug|Any CPU
		{6E47A55C-28A4-47AD-A865-337ECBF54F75}.Debug|Any CPU.Build.0 = Debug|Any CPU
		{6E47A55C-28A4-47AD-A865-337ECBF54F75}.Release|Any CPU.ActiveCfg = Release|Any CPU
		{6E47A55C-28A4-47AD-A865-337ECBF54F75}.Release|Any CPU.Build.0 = Release|Any CPU
		{B699DF88-0652-4809-9361-5CE5474F782C}.Debug|Any CPU.ActiveCfg = Debug|Any CPU
		{B699DF88-0652-4809-9361-5CE5474F782C}.Debug|Any CPU.Build.0 = Debug|Any CPU
		{B699DF88-0652-4809-9361-5CE5474F782C}.Release|Any CPU.ActiveCfg = Release|Any CPU
		{B699DF88-0652-4809-9361-5CE5474F782C}.Release|Any CPU.Build.0 = Release|Any CPU
		{A166B819-AB8F-4155-97C5-C3BECA02F693}.Debug|Any CPU.ActiveCfg = Debug|Any CPU
		{A166B819-AB8F-4155-97C5-C3BECA02F693}.Debug|Any CPU.Build.0 = Debug|Any CPU
		{A166B819-AB8F-4155-97C5-C3BECA02F693}.Release|Any CPU.ActiveCfg = Release|Any CPU
		{A166B819-AB8F-4155-97C5-C3BECA02F693}.Release|Any CPU.Build.0 = Release|Any CPU
		{4502A497-DB08-4BFA-90B8-6C1DA82709A6}.Debug|Any CPU.ActiveCfg = Debug|Any CPU
		{4502A497-DB08-4BFA-90B8-6C1DA82709A6}.Debug|Any CPU.Build.0 = Debug|Any CPU
		{4502A497-DB08-4BFA-90B8-6C1DA82709A6}.Release|Any CPU.ActiveCfg = Release|Any CPU
		{4502A497-DB08-4BFA-90B8-6C1DA82709A6}.Release|Any CPU.Build.0 = Release|Any CPU
		{5CE8BC16-D659-4B45-8951-15CAAF4B1F58}.Debug|Any CPU.ActiveCfg = Debug|Any CPU
		{5CE8BC16-D659-4B45-8951-15CAAF4B1F58}.Debug|Any CPU.Build.0 = Debug|Any CPU
		{5CE8BC16-D659-4B45-8951-15CAAF4B1F58}.Release|Any CPU.ActiveCfg = Release|Any CPU
		{5CE8BC16-D659-4B45-8951-15CAAF4B1F58}.Release|Any CPU.Build.0 = Release|Any CPU
		{3C8DA23B-C1A7-4268-BD4A-DF49E915D0EC}.Debug|Any CPU.ActiveCfg = Debug|Any CPU
		{3C8DA23B-C1A7-4268-BD4A-DF49E915D0EC}.Debug|Any CPU.Build.0 = Debug|Any CPU
		{3C8DA23B-C1A7-4268-BD4A-DF49E915D0EC}.Release|Any CPU.ActiveCfg = Release|Any CPU
		{3C8DA23B-C1A7-4268-BD4A-DF49E915D0EC}.Release|Any CPU.Build.0 = Release|Any CPU
		{B0FDC4F7-247B-4F2E-8E05-B317AA92F5FC}.Debug|Any CPU.ActiveCfg = Debug|Any CPU
		{B0FDC4F7-247B-4F2E-8E05-B317AA92F5FC}.Debug|Any CPU.Build.0 = Debug|Any CPU
		{B0FDC4F7-247B-4F2E-8E05-B317AA92F5FC}.Release|Any CPU.ActiveCfg = Release|Any CPU
		{B0FDC4F7-247B-4F2E-8E05-B317AA92F5FC}.Release|Any CPU.Build.0 = Release|Any CPU
		{F7E6A283-EB4A-446F-8E2C-958169A14528}.Debug|Any CPU.ActiveCfg = Debug|Any CPU
		{F7E6A283-EB4A-446F-8E2C-958169A14528}.Debug|Any CPU.Build.0 = Debug|Any CPU
		{F7E6A283-EB4A-446F-8E2C-958169A14528}.Release|Any CPU.ActiveCfg = Release|Any CPU
		{F7E6A283-EB4A-446F-8E2C-958169A14528}.Release|Any CPU.Build.0 = Release|Any CPU
		{3F863B1C-21A4-4098-842A-C5A77CF215D3}.Debug|Any CPU.ActiveCfg = Debug|Any CPU
		{3F863B1C-21A4-4098-842A-C5A77CF215D3}.Debug|Any CPU.Build.0 = Debug|Any CPU
		{3F863B1C-21A4-4098-842A-C5A77CF215D3}.Release|Any CPU.ActiveCfg = Release|Any CPU
		{3F863B1C-21A4-4098-842A-C5A77CF215D3}.Release|Any CPU.Build.0 = Release|Any CPU
		{52697BDC-0508-4EB6-9091-C3F3D1CC267F}.Debug|Any CPU.ActiveCfg = Debug|Any CPU
		{52697BDC-0508-4EB6-9091-C3F3D1CC267F}.Debug|Any CPU.Build.0 = Debug|Any CPU
		{52697BDC-0508-4EB6-9091-C3F3D1CC267F}.Release|Any CPU.ActiveCfg = Release|Any CPU
		{52697BDC-0508-4EB6-9091-C3F3D1CC267F}.Release|Any CPU.Build.0 = Release|Any CPU
	EndGlobalSection
	GlobalSection(SolutionProperties) = preSolution
		HideSolutionNode = FALSE
	EndGlobalSection
EndGlobal
