
Microsoft Visual Studio Solution File, Format Version 10.00
# Visual C# Express 2008
Project("{FAE04EC0-301F-11D3-BF4B-00C04F79EFBC}") = "Recipe_08_01", "Recipe_08_01\Recipe_08_01.csproj", "{A8B84CE7-EB43-4B59-93A0-89605AE7C53D}"
EndProject
Project("{FAE04EC0-301F-11D3-BF4B-00C04F79EFBC}") = "Recipe_08_02", "Recipe_08_02\Recipe_08_02.csproj", "{63B38D0D-C98B-4520-BDCB-47F072FD3826}"
EndProject
Project("{FAE04EC0-301F-11D3-BF4B-00C04F79EFBC}") = "Recipe_08_03", "Recipe_08_03\Recipe_08_03.csproj", "{2A38E9AB-08DA-4B83-8076-33F58662CDFD}"
EndProject
Project("{FAE04EC0-301F-11D3-BF4B-00C04F79EFBC}") = "Recipe_08_04", "Recipe_08_04\Recipe_08_04.csproj", "{A769B318-774E-4B4B-85D3-B9DC8ED49CC2}"
EndProject
Project("{FAE04EC0-301F-11D3-BF4B-00C04F79EFBC}") = "Recipe_08_05", "Recipe_08_05\Recipe_08_05.csproj", "{D46D6A56-294F-4B79-976E-5D0AB0BE8B53}"
EndProject
Project("{FAE04EC0-301F-11D3-BF4B-00C04F79EFBC}") = "Recipe_08_06", "Recipe_08_06\Recipe_08_06.csproj", "{5FD7F80F-879E-4272-90F6-DBD6926A9C1D}"
EndProject
Project("{FAE04EC0-301F-11D3-BF4B-00C04F79EFBC}") = "Recipe_08_07", "Recipe_08_07\Recipe_08_07.csproj", "{9848D4C6-F385-46A6-837C-3B0731F2DC77}"
EndProject
Project("{FAE04EC0-301F-11D3-BF4B-00C04F79EFBC}") = "Recipe_08_08", "Recipe_08_08\Recipe_08_08.csproj", "{D815EE3F-DC35-4981-8CCE-8421CFF01B82}"
EndProject
Project("{FAE04EC0-301F-11D3-BF4B-00C04F79EFBC}") = "Recipe_08_09", "Recipe_08_09\Recipe_08_09.csproj", "{1C176EE0-8CC0-4A31-81D7-C6C5209D11FF}"
EndProject
Project("{FAE04EC0-301F-11D3-BF4B-00C04F79EFBC}") = "Recipe_08_10", "Recipe_08_10\Recipe_08_10.csproj", "{60B1D219-1A29-43FA-91E4-72CEB96CDAA0}"
EndProject
Project("{FAE04EC0-301F-11D3-BF4B-00C04F79EFBC}") = "Recipe_08_11", "Recipe_08_11\Recipe_08_11.csproj", "{F15198A1-E094-43FE-A385-0B119A59D9F3}"
EndProject
Project("{FAE04EC0-301F-11D3-BF4B-00C04F79EFBC}") = "Recipe_08_12", "Recipe_08_12\Recipe_08_12.csproj", "{0EB57FCB-3868-4808-ACC4-E380E70BBAFE}"
EndProject
Project("{FAE04EC0-301F-11D3-BF4B-00C04F79EFBC}") = "Recipe_08_13", "Recipe_08_13\Recipe_08_13.csproj", "{594ED939-3A1E-4499-B332-B8E7AC31A3E6}"
EndProject
Project("{FAE04EC0-301F-11D3-BF4B-00C04F79EFBC}") = "Recipe_08_14", "Recipe_08_14\Recipe_08_14.csproj", "{53739B7C-16F1-4850-8665-124896A801D9}"
EndProject
Project("{FAE04EC0-301F-11D3-BF4B-00C04F79EFBC}") = "Recipe_08_15", "Recipe_08_15\Recipe_08_15.csproj", "{332A0B67-1707-410D-9C61-905E79D33CC9}"
EndProject
Project("{FAE04EC0-301F-11D3-BF4B-00C04F79EFBC}") = "Recipe_08_16", "Recipe_08_16\Recipe_08_16.csproj", "{7E4FB111-D5B6-445C-B907-4A70642F94C9}"
EndProject
Global
	GlobalSection(SolutionConfigurationPlatforms) = preSolution
		Debug|Any CPU = Debug|Any CPU
		Release|Any CPU = Release|Any CPU
	EndGlobalSection
	GlobalSection(ProjectConfigurationPlatforms) = postSolution
		{A8B84CE7-EB43-4B59-93A0-89605AE7C53D}.Debug|Any CPU.ActiveCfg = Debug|Any CPU
		{A8B84CE7-EB43-4B59-93A0-89605AE7C53D}.Debug|Any CPU.Build.0 = Debug|Any CPU
		{A8B84CE7-EB43-4B59-93A0-89605AE7C53D}.Release|Any CPU.ActiveCfg = Release|Any CPU
		{A8B84CE7-EB43-4B59-93A0-89605AE7C53D}.Release|Any CPU.Build.0 = Release|Any CPU
		{63B38D0D-C98B-4520-BDCB-47F072FD3826}.Debug|Any CPU.ActiveCfg = Debug|Any CPU
		{63B38D0D-C98B-4520-BDCB-47F072FD3826}.Debug|Any CPU.Build.0 = Debug|Any CPU
		{63B38D0D-C98B-4520-BDCB-47F072FD3826}.Release|Any CPU.ActiveCfg = Release|Any CPU
		{63B38D0D-C98B-4520-BDCB-47F072FD3826}.Release|Any CPU.Build.0 = Release|Any CPU
		{2A38E9AB-08DA-4B83-8076-33F58662CDFD}.Debug|Any CPU.ActiveCfg = Debug|Any CPU
		{2A38E9AB-08DA-4B83-8076-33F58662CDFD}.Debug|Any CPU.Build.0 = Debug|Any CPU
		{2A38E9AB-08DA-4B83-8076-33F58662CDFD}.Release|Any CPU.ActiveCfg = Release|Any CPU
		{2A38E9AB-08DA-4B83-8076-33F58662CDFD}.Release|Any CPU.Build.0 = Release|Any CPU
		{A769B318-774E-4B4B-85D3-B9DC8ED49CC2}.Debug|Any CPU.ActiveCfg = Debug|Any CPU
		{A769B318-774E-4B4B-85D3-B9DC8ED49CC2}.Debug|Any CPU.Build.0 = Debug|Any CPU
		{A769B318-774E-4B4B-85D3-B9DC8ED49CC2}.Release|Any CPU.ActiveCfg = Release|Any CPU
		{A769B318-774E-4B4B-85D3-B9DC8ED49CC2}.Release|Any CPU.Build.0 = Release|Any CPU
		{D46D6A56-294F-4B79-976E-5D0AB0BE8B53}.Debug|Any CPU.ActiveCfg = Debug|Any CPU
		{D46D6A56-294F-4B79-976E-5D0AB0BE8B53}.Debug|Any CPU.Build.0 = Debug|Any CPU
		{D46D6A56-294F-4B79-976E-5D0AB0BE8B53}.Release|Any CPU.ActiveCfg = Release|Any CPU
		{D46D6A56-294F-4B79-976E-5D0AB0BE8B53}.Release|Any CPU.Build.0 = Release|Any CPU
		{5FD7F80F-879E-4272-90F6-DBD6926A9C1D}.Debug|Any CPU.ActiveCfg = Debug|Any CPU
		{5FD7F80F-879E-4272-90F6-DBD6926A9C1D}.Debug|Any CPU.Build.0 = Debug|Any CPU
		{5FD7F80F-879E-4272-90F6-DBD6926A9C1D}.Release|Any CPU.ActiveCfg = Release|Any CPU
		{5FD7F80F-879E-4272-90F6-DBD6926A9C1D}.Release|Any CPU.Build.0 = Release|Any CPU
		{9848D4C6-F385-46A6-837C-3B0731F2DC77}.Debug|Any CPU.ActiveCfg = Debug|Any CPU
		{9848D4C6-F385-46A6-837C-3B0731F2DC77}.Debug|Any CPU.Build.0 = Debug|Any CPU
		{9848D4C6-F385-46A6-837C-3B0731F2DC77}.Release|Any CPU.ActiveCfg = Release|Any CPU
		{9848D4C6-F385-46A6-837C-3B0731F2DC77}.Release|Any CPU.Build.0 = Release|Any CPU
		{D815EE3F-DC35-4981-8CCE-8421CFF01B82}.Debug|Any CPU.ActiveCfg = Debug|Any CPU
		{D815EE3F-DC35-4981-8CCE-8421CFF01B82}.Debug|Any CPU.Build.0 = Debug|Any CPU
		{D815EE3F-DC35-4981-8CCE-8421CFF01B82}.Release|Any CPU.ActiveCfg = Release|Any CPU
		{D815EE3F-DC35-4981-8CCE-8421CFF01B82}.Release|Any CPU.Build.0 = Release|Any CPU
		{1C176EE0-8CC0-4A31-81D7-C6C5209D11FF}.Debug|Any CPU.ActiveCfg = Debug|Any CPU
		{1C176EE0-8CC0-4A31-81D7-C6C5209D11FF}.Debug|Any CPU.Build.0 = Debug|Any CPU
		{1C176EE0-8CC0-4A31-81D7-C6C5209D11FF}.Release|Any CPU.ActiveCfg = Release|Any CPU
		{1C176EE0-8CC0-4A31-81D7-C6C5209D11FF}.Release|Any CPU.Build.0 = Release|Any CPU
		{60B1D219-1A29-43FA-91E4-72CEB96CDAA0}.Debug|Any CPU.ActiveCfg = Debug|Any CPU
		{60B1D219-1A29-43FA-91E4-72CEB96CDAA0}.Debug|Any CPU.Build.0 = Debug|Any CPU
		{60B1D219-1A29-43FA-91E4-72CEB96CDAA0}.Release|Any CPU.ActiveCfg = Release|Any CPU
		{60B1D219-1A29-43FA-91E4-72CEB96CDAA0}.Release|Any CPU.Build.0 = Release|Any CPU
		{F15198A1-E094-43FE-A385-0B119A59D9F3}.Debug|Any CPU.ActiveCfg = Debug|Any CPU
		{F15198A1-E094-43FE-A385-0B119A59D9F3}.Debug|Any CPU.Build.0 = Debug|Any CPU
		{F15198A1-E094-43FE-A385-0B119A59D9F3}.Release|Any CPU.ActiveCfg = Release|Any CPU
		{F15198A1-E094-43FE-A385-0B119A59D9F3}.Release|Any CPU.Build.0 = Release|Any CPU
		{0EB57FCB-3868-4808-ACC4-E380E70BBAFE}.Debug|Any CPU.ActiveCfg = Debug|Any CPU
		{0EB57FCB-3868-4808-ACC4-E380E70BBAFE}.Debug|Any CPU.Build.0 = Debug|Any CPU
		{0EB57FCB-3868-4808-ACC4-E380E70BBAFE}.Release|Any CPU.ActiveCfg = Release|Any CPU
		{0EB57FCB-3868-4808-ACC4-E380E70BBAFE}.Release|Any CPU.Build.0 = Release|Any CPU
		{594ED939-3A1E-4499-B332-B8E7AC31A3E6}.Debug|Any CPU.ActiveCfg = Debug|Any CPU
		{594ED939-3A1E-4499-B332-B8E7AC31A3E6}.Debug|Any CPU.Build.0 = Debug|Any CPU
		{594ED939-3A1E-4499-B332-B8E7AC31A3E6}.Release|Any CPU.ActiveCfg = Release|Any CPU
		{594ED939-3A1E-4499-B332-B8E7AC31A3E6}.Release|Any CPU.Build.0 = Release|Any CPU
		{53739B7C-16F1-4850-8665-124896A801D9}.Debug|Any CPU.ActiveCfg = Debug|Any CPU
		{53739B7C-16F1-4850-8665-124896A801D9}.Debug|Any CPU.Build.0 = Debug|Any CPU
		{53739B7C-16F1-4850-8665-124896A801D9}.Release|Any CPU.ActiveCfg = Release|Any CPU
		{53739B7C-16F1-4850-8665-124896A801D9}.Release|Any CPU.Build.0 = Release|Any CPU
		{332A0B67-1707-410D-9C61-905E79D33CC9}.Debug|Any CPU.ActiveCfg = Debug|Any CPU
		{332A0B67-1707-410D-9C61-905E79D33CC9}.Debug|Any CPU.Build.0 = Debug|Any CPU
		{332A0B67-1707-410D-9C61-905E79D33CC9}.Release|Any CPU.ActiveCfg = Release|Any CPU
		{332A0B67-1707-410D-9C61-905E79D33CC9}.Release|Any CPU.Build.0 = Release|Any CPU
		{7E4FB111-D5B6-445C-B907-4A70642F94C9}.Debug|Any CPU.ActiveCfg = Debug|Any CPU
		{7E4FB111-D5B6-445C-B907-4A70642F94C9}.Debug|Any CPU.Build.0 = Debug|Any CPU
		{7E4FB111-D5B6-445C-B907-4A70642F94C9}.Release|Any CPU.ActiveCfg = Release|Any CPU
		{7E4FB111-D5B6-445C-B907-4A70642F94C9}.Release|Any CPU.Build.0 = Release|Any CPU
	EndGlobalSection
	GlobalSection(SolutionProperties) = preSolution
		HideSolutionNode = FALSE
	EndGlobalSection
EndGlobal
