
Microsoft Visual Studio Solution File, Format Version 10.00
# Visual C# Express 2008
Project("{FAE04EC0-301F-11D3-BF4B-00C04F79EFBC}") = "Recipe_03_01", "Recipe_03_01\Recipe_03_01.csproj", "{009B7665-5A82-4600-B0A8-FA61462AF6AA}"
EndProject
Project("{FAE04EC0-301F-11D3-BF4B-00C04F79EFBC}") = "Recipe_03_02", "Recipe_03_02\Recipe_03_02.csproj", "{B6546AFD-72E5-4D78-96B2-E43B559F6C26}"
EndProject
Project("{FAE04EC0-301F-11D3-BF4B-00C04F79EFBC}") = "Recipe_03_03", "Recipe_03_03\Recipe_03_03.csproj", "{08635BB1-0437-4AB0-9F35-90D81486BFF0}"
EndProject
Project("{FAE04EC0-301F-11D3-BF4B-00C04F79EFBC}") = "Recipe_03_09", "Recipe_03_09\Recipe_03_09.csproj", "{E39FAA58-F9CE-4C20-84CC-FCE05E38F917}"
EndProject
Project("{FAE04EC0-301F-11D3-BF4B-00C04F79EFBC}") = "Recipe_03_13", "Recipe_03_13\Recipe_03_13.csproj", "{6AEF7B19-A66E-4F44-8A08-3ACE41E993D2}"
EndProject
Project("{FAE04EC0-301F-11D3-BF4B-00C04F79EFBC}") = "Recipe_03_04", "Recipe_03_04\Recipe_03_04.csproj", "{B3A3409D-AACE-4581-900A-FCEB276AAF1C}"
EndProject
Project("{FAE04EC0-301F-11D3-BF4B-00C04F79EFBC}") = "Recipe_03_05", "Recipe_03_05\Recipe_03_05.csproj", "{469E0265-95DA-4B26-9951-74A630472EC8}"
EndProject
Project("{FAE04EC0-301F-11D3-BF4B-00C04F79EFBC}") = "Recipe_03_06", "Recipe_03_06\Recipe_03_06.csproj", "{306A3791-5F32-45A5-9967-4094E3E42893}"
EndProject
Project("{FAE04EC0-301F-11D3-BF4B-00C04F79EFBC}") = "Recipe_03_07", "Recipe_03_07\Recipe_03_07.csproj", "{73765C81-8E83-4D4F-8A3C-9241EB7FEF25}"
EndProject
Project("{FAE04EC0-301F-11D3-BF4B-00C04F79EFBC}") = "Recipe_03_08", "Recipe_03_08\Recipe_03_08.csproj", "{92DE8243-DB77-46CE-B761-D509DC8013BC}"
EndProject
Project("{FAE04EC0-301F-11D3-BF4B-00C04F79EFBC}") = "Recipe_03_11", "Recipe_03_11\Recipe_03_11.csproj", "{88395082-09FE-4784-8D9D-32962343F197}"
EndProject
Project("{FAE04EC0-301F-11D3-BF4B-00C04F79EFBC}") = "Recipe_03_12", "Recipe_03_12\Recipe_03_12.csproj", "{399B1C7B-8B6F-471A-83D3-947C8D979975}"
EndProject
Project("{FAE04EC0-301F-11D3-BF4B-00C04F79EFBC}") = "Recipe_03_14", "Recipe_03_14\Recipe_03_14.csproj", "{29259E8F-0A2B-486E-8AFB-9229F5D3E3F8}"
EndProject
Project("{FAE04EC0-301F-11D3-BF4B-00C04F79EFBC}") = "Recipe_03_15", "Recipe_03_15\Recipe_03_15.csproj", "{57181174-C538-4419-AF2A-0C070DC96C48}"
EndProject
Project("{FAE04EC0-301F-11D3-BF4B-00C04F79EFBC}") = "Recipe_03_16", "Recipe_03_16\Recipe_03_16.csproj", "{A6D0B82D-FB30-41DD-8CAF-A6212FDBF478}"
EndProject
Project("{FAE04EC0-301F-11D3-BF4B-00C04F79EFBC}") = "Recipe_03_17", "Recipe_03_17\Recipe_03_17.csproj", "{1942F33C-67C2-4C70-B954-7FE047C4B5DC}"
EndProject
Project("{FAE04EC0-301F-11D3-BF4B-00C04F79EFBC}") = "Recipe_03_18", "Recipe_03_18\Recipe_03_18.csproj", "{0B0D91C8-411D-4708-A982-33424D5B06A3}"
EndProject
Project("{FAE04EC0-301F-11D3-BF4B-00C04F79EFBC}") = "Recipe_03_19", "Recipe_03_19\Recipe_03_19.csproj", "{7A0641B4-A19D-4965-88DA-8A9D3642213F}"
EndProject
Project("{FAE04EC0-301F-11D3-BF4B-00C04F79EFBC}") = "Recipe_03_20", "Recipe_03_20\Recipe_03_20.csproj", "{37919DB7-EDA2-4DEE-99D3-B004764A4216}"
EndProject
Project("{FAE04EC0-301F-11D3-BF4B-00C04F79EFBC}") = "Recipe_03_21", "Recipe_03_21\Recipe_03_21.csproj", "{1BACFEA8-67F1-44FE-8DE1-9D1464535044}"
EndProject
Project("{FAE04EC0-301F-11D3-BF4B-00C04F79EFBC}") = "Recipe_03_22", "Recipe_03_22\Recipe_03_22.csproj", "{74D67F18-D015-4FFE-8F36-892883521CB0}"
EndProject
Project("{FAE04EC0-301F-11D3-BF4B-00C04F79EFBC}") = "Recipe_03_23", "Recipe_03_23\Recipe_03_23.csproj", "{46A1544E-4A0E-4F89-8C62-4DCB1B07B1CC}"
EndProject
Project("{FAE04EC0-301F-11D3-BF4B-00C04F79EFBC}") = "Recipe_03_24", "Recipe_03_24\Recipe_03_24.csproj", "{EC77BAA1-A622-4A40-883B-F6A4854D0EA4}"
EndProject
Project("{FAE04EC0-301F-11D3-BF4B-00C04F79EFBC}") = "Recipe_03_25", "Recipe_03_25\Recipe_03_25.csproj", "{0A34A14D-1A6F-4BB6-A0D3-9139EBE151D7}"
EndProject
Project("{FAE04EC0-301F-11D3-BF4B-00C04F79EFBC}") = "Recipe_03_10", "Recipe_03_10\Recipe_03_10.csproj", "{9F88540F-7EF7-4B7D-A468-BB13DA56BFD2}"
EndProject
Global
	GlobalSection(SolutionConfigurationPlatforms) = preSolution
		Debug|Any CPU = Debug|Any CPU
		Release|Any CPU = Release|Any CPU
	EndGlobalSection
	GlobalSection(ProjectConfigurationPlatforms) = postSolution
		{009B7665-5A82-4600-B0A8-FA61462AF6AA}.Debug|Any CPU.ActiveCfg = Debug|Any CPU
		{009B7665-5A82-4600-B0A8-FA61462AF6AA}.Debug|Any CPU.Build.0 = Debug|Any CPU
		{009B7665-5A82-4600-B0A8-FA61462AF6AA}.Release|Any CPU.ActiveCfg = Release|Any CPU
		{009B7665-5A82-4600-B0A8-FA61462AF6AA}.Release|Any CPU.Build.0 = Release|Any CPU
		{B6546AFD-72E5-4D78-96B2-E43B559F6C26}.Debug|Any CPU.ActiveCfg = Debug|Any CPU
		{B6546AFD-72E5-4D78-96B2-E43B559F6C26}.Debug|Any CPU.Build.0 = Debug|Any CPU
		{B6546AFD-72E5-4D78-96B2-E43B559F6C26}.Release|Any CPU.ActiveCfg = Release|Any CPU
		{B6546AFD-72E5-4D78-96B2-E43B559F6C26}.Release|Any CPU.Build.0 = Release|Any CPU
		{08635BB1-0437-4AB0-9F35-90D81486BFF0}.Debug|Any CPU.ActiveCfg = Debug|Any CPU
		{08635BB1-0437-4AB0-9F35-90D81486BFF0}.Debug|Any CPU.Build.0 = Debug|Any CPU
		{08635BB1-0437-4AB0-9F35-90D81486BFF0}.Release|Any CPU.ActiveCfg = Release|Any CPU
		{08635BB1-0437-4AB0-9F35-90D81486BFF0}.Release|Any CPU.Build.0 = Release|Any CPU
		{E39FAA58-F9CE-4C20-84CC-FCE05E38F917}.Debug|Any CPU.ActiveCfg = Debug|Any CPU
		{E39FAA58-F9CE-4C20-84CC-FCE05E38F917}.Debug|Any CPU.Build.0 = Debug|Any CPU
		{E39FAA58-F9CE-4C20-84CC-FCE05E38F917}.Release|Any CPU.ActiveCfg = Release|Any CPU
		{E39FAA58-F9CE-4C20-84CC-FCE05E38F917}.Release|Any CPU.Build.0 = Release|Any CPU
		{6AEF7B19-A66E-4F44-8A08-3ACE41E993D2}.Debug|Any CPU.ActiveCfg = Debug|Any CPU
		{6AEF7B19-A66E-4F44-8A08-3ACE41E993D2}.Debug|Any CPU.Build.0 = Debug|Any CPU
		{6AEF7B19-A66E-4F44-8A08-3ACE41E993D2}.Release|Any CPU.ActiveCfg = Release|Any CPU
		{6AEF7B19-A66E-4F44-8A08-3ACE41E993D2}.Release|Any CPU.Build.0 = Release|Any CPU
		{B3A3409D-AACE-4581-900A-FCEB276AAF1C}.Debug|Any CPU.ActiveCfg = Debug|Any CPU
		{B3A3409D-AACE-4581-900A-FCEB276AAF1C}.Debug|Any CPU.Build.0 = Debug|Any CPU
		{B3A3409D-AACE-4581-900A-FCEB276AAF1C}.Release|Any CPU.ActiveCfg = Release|Any CPU
		{B3A3409D-AACE-4581-900A-FCEB276AAF1C}.Release|Any CPU.Build.0 = Release|Any CPU
		{469E0265-95DA-4B26-9951-74A630472EC8}.Debug|Any CPU.ActiveCfg = Debug|Any CPU
		{469E0265-95DA-4B26-9951-74A630472EC8}.Debug|Any CPU.Build.0 = Debug|Any CPU
		{469E0265-95DA-4B26-9951-74A630472EC8}.Release|Any CPU.ActiveCfg = Release|Any CPU
		{469E0265-95DA-4B26-9951-74A630472EC8}.Release|Any CPU.Build.0 = Release|Any CPU
		{306A3791-5F32-45A5-9967-4094E3E42893}.Debug|Any CPU.ActiveCfg = Debug|Any CPU
		{306A3791-5F32-45A5-9967-4094E3E42893}.Debug|Any CPU.Build.0 = Debug|Any CPU
		{306A3791-5F32-45A5-9967-4094E3E42893}.Release|Any CPU.ActiveCfg = Release|Any CPU
		{306A3791-5F32-45A5-9967-4094E3E42893}.Release|Any CPU.Build.0 = Release|Any CPU
		{73765C81-8E83-4D4F-8A3C-9241EB7FEF25}.Debug|Any CPU.ActiveCfg = Debug|Any CPU
		{73765C81-8E83-4D4F-8A3C-9241EB7FEF25}.Debug|Any CPU.Build.0 = Debug|Any CPU
		{73765C81-8E83-4D4F-8A3C-9241EB7FEF25}.Release|Any CPU.ActiveCfg = Release|Any CPU
		{73765C81-8E83-4D4F-8A3C-9241EB7FEF25}.Release|Any CPU.Build.0 = Release|Any CPU
		{92DE8243-DB77-46CE-B761-D509DC8013BC}.Debug|Any CPU.ActiveCfg = Debug|Any CPU
		{92DE8243-DB77-46CE-B761-D509DC8013BC}.Debug|Any CPU.Build.0 = Debug|Any CPU
		{92DE8243-DB77-46CE-B761-D509DC8013BC}.Release|Any CPU.ActiveCfg = Release|Any CPU
		{92DE8243-DB77-46CE-B761-D509DC8013BC}.Release|Any CPU.Build.0 = Release|Any CPU
		{88395082-09FE-4784-8D9D-32962343F197}.Debug|Any CPU.ActiveCfg = Debug|Any CPU
		{88395082-09FE-4784-8D9D-32962343F197}.Debug|Any CPU.Build.0 = Debug|Any CPU
		{88395082-09FE-4784-8D9D-32962343F197}.Release|Any CPU.ActiveCfg = Release|Any CPU
		{88395082-09FE-4784-8D9D-32962343F197}.Release|Any CPU.Build.0 = Release|Any CPU
		{399B1C7B-8B6F-471A-83D3-947C8D979975}.Debug|Any CPU.ActiveCfg = Debug|Any CPU
		{399B1C7B-8B6F-471A-83D3-947C8D979975}.Debug|Any CPU.Build.0 = Debug|Any CPU
		{399B1C7B-8B6F-471A-83D3-947C8D979975}.Release|Any CPU.ActiveCfg = Release|Any CPU
		{399B1C7B-8B6F-471A-83D3-947C8D979975}.Release|Any CPU.Build.0 = Release|Any CPU
		{29259E8F-0A2B-486E-8AFB-9229F5D3E3F8}.Debug|Any CPU.ActiveCfg = Debug|Any CPU
		{29259E8F-0A2B-486E-8AFB-9229F5D3E3F8}.Debug|Any CPU.Build.0 = Debug|Any CPU
		{29259E8F-0A2B-486E-8AFB-9229F5D3E3F8}.Release|Any CPU.ActiveCfg = Release|Any CPU
		{29259E8F-0A2B-486E-8AFB-9229F5D3E3F8}.Release|Any CPU.Build.0 = Release|Any CPU
		{57181174-C538-4419-AF2A-0C070DC96C48}.Debug|Any CPU.ActiveCfg = Debug|Any CPU
		{57181174-C538-4419-AF2A-0C070DC96C48}.Debug|Any CPU.Build.0 = Debug|Any CPU
		{57181174-C538-4419-AF2A-0C070DC96C48}.Release|Any CPU.ActiveCfg = Release|Any CPU
		{57181174-C538-4419-AF2A-0C070DC96C48}.Release|Any CPU.Build.0 = Release|Any CPU
		{A6D0B82D-FB30-41DD-8CAF-A6212FDBF478}.Debug|Any CPU.ActiveCfg = Debug|Any CPU
		{A6D0B82D-FB30-41DD-8CAF-A6212FDBF478}.Debug|Any CPU.Build.0 = Debug|Any CPU
		{A6D0B82D-FB30-41DD-8CAF-A6212FDBF478}.Release|Any CPU.ActiveCfg = Release|Any CPU
		{A6D0B82D-FB30-41DD-8CAF-A6212FDBF478}.Release|Any CPU.Build.0 = Release|Any CPU
		{1942F33C-67C2-4C70-B954-7FE047C4B5DC}.Debug|Any CPU.ActiveCfg = Debug|Any CPU
		{1942F33C-67C2-4C70-B954-7FE047C4B5DC}.Debug|Any CPU.Build.0 = Debug|Any CPU
		{1942F33C-67C2-4C70-B954-7FE047C4B5DC}.Release|Any CPU.ActiveCfg = Release|Any CPU
		{1942F33C-67C2-4C70-B954-7FE047C4B5DC}.Release|Any CPU.Build.0 = Release|Any CPU
		{0B0D91C8-411D-4708-A982-33424D5B06A3}.Debug|Any CPU.ActiveCfg = Debug|Any CPU
		{0B0D91C8-411D-4708-A982-33424D5B06A3}.Debug|Any CPU.Build.0 = Debug|Any CPU
		{0B0D91C8-411D-4708-A982-33424D5B06A3}.Release|Any CPU.ActiveCfg = Release|Any CPU
		{0B0D91C8-411D-4708-A982-33424D5B06A3}.Release|Any CPU.Build.0 = Release|Any CPU
		{7A0641B4-A19D-4965-88DA-8A9D3642213F}.Debug|Any CPU.ActiveCfg = Debug|Any CPU
		{7A0641B4-A19D-4965-88DA-8A9D3642213F}.Debug|Any CPU.Build.0 = Debug|Any CPU
		{7A0641B4-A19D-4965-88DA-8A9D3642213F}.Release|Any CPU.ActiveCfg = Release|Any CPU
		{7A0641B4-A19D-4965-88DA-8A9D3642213F}.Release|Any CPU.Build.0 = Release|Any CPU
		{37919DB7-EDA2-4DEE-99D3-B004764A4216}.Debug|Any CPU.ActiveCfg = Debug|Any CPU
		{37919DB7-EDA2-4DEE-99D3-B004764A4216}.Debug|Any CPU.Build.0 = Debug|Any CPU
		{37919DB7-EDA2-4DEE-99D3-B004764A4216}.Release|Any CPU.ActiveCfg = Release|Any CPU
		{37919DB7-EDA2-4DEE-99D3-B004764A4216}.Release|Any CPU.Build.0 = Release|Any CPU
		{1BACFEA8-67F1-44FE-8DE1-9D1464535044}.Debug|Any CPU.ActiveCfg = Debug|Any CPU
		{1BACFEA8-67F1-44FE-8DE1-9D1464535044}.Debug|Any CPU.Build.0 = Debug|Any CPU
		{1BACFEA8-67F1-44FE-8DE1-9D1464535044}.Release|Any CPU.ActiveCfg = Release|Any CPU
		{1BACFEA8-67F1-44FE-8DE1-9D1464535044}.Release|Any CPU.Build.0 = Release|Any CPU
		{74D67F18-D015-4FFE-8F36-892883521CB0}.Debug|Any CPU.ActiveCfg = Debug|Any CPU
		{74D67F18-D015-4FFE-8F36-892883521CB0}.Debug|Any CPU.Build.0 = Debug|Any CPU
		{74D67F18-D015-4FFE-8F36-892883521CB0}.Release|Any CPU.ActiveCfg = Release|Any CPU
		{74D67F18-D015-4FFE-8F36-892883521CB0}.Release|Any CPU.Build.0 = Release|Any CPU
		{46A1544E-4A0E-4F89-8C62-4DCB1B07B1CC}.Debug|Any CPU.ActiveCfg = Debug|Any CPU
		{46A1544E-4A0E-4F89-8C62-4DCB1B07B1CC}.Debug|Any CPU.Build.0 = Debug|Any CPU
		{46A1544E-4A0E-4F89-8C62-4DCB1B07B1CC}.Release|Any CPU.ActiveCfg = Release|Any CPU
		{46A1544E-4A0E-4F89-8C62-4DCB1B07B1CC}.Release|Any CPU.Build.0 = Release|Any CPU
		{EC77BAA1-A622-4A40-883B-F6A4854D0EA4}.Debug|Any CPU.ActiveCfg = Debug|Any CPU
		{EC77BAA1-A622-4A40-883B-F6A4854D0EA4}.Debug|Any CPU.Build.0 = Debug|Any CPU
		{EC77BAA1-A622-4A40-883B-F6A4854D0EA4}.Release|Any CPU.ActiveCfg = Release|Any CPU
		{EC77BAA1-A622-4A40-883B-F6A4854D0EA4}.Release|Any CPU.Build.0 = Release|Any CPU
		{0A34A14D-1A6F-4BB6-A0D3-9139EBE151D7}.Debug|Any CPU.ActiveCfg = Debug|Any CPU
		{0A34A14D-1A6F-4BB6-A0D3-9139EBE151D7}.Debug|Any CPU.Build.0 = Debug|Any CPU
		{0A34A14D-1A6F-4BB6-A0D3-9139EBE151D7}.Release|Any CPU.ActiveCfg = Release|Any CPU
		{0A34A14D-1A6F-4BB6-A0D3-9139EBE151D7}.Release|Any CPU.Build.0 = Release|Any CPU
		{9F88540F-7EF7-4B7D-A468-BB13DA56BFD2}.Debug|Any CPU.ActiveCfg = Debug|Any CPU
		{9F88540F-7EF7-4B7D-A468-BB13DA56BFD2}.Debug|Any CPU.Build.0 = Debug|Any CPU
		{9F88540F-7EF7-4B7D-A468-BB13DA56BFD2}.Release|Any CPU.ActiveCfg = Release|Any CPU
		{9F88540F-7EF7-4B7D-A468-BB13DA56BFD2}.Release|Any CPU.Build.0 = Release|Any CPU
	EndGlobalSection
	GlobalSection(SolutionProperties) = preSolution
		HideSolutionNode = FALSE
	EndGlobalSection
EndGlobal
