
Microsoft Visual Studio Solution File, Format Version 10.00
# Visual C# Express 2008
Project("{FAE04EC0-301F-11D3-BF4B-00C04F79EFBC}") = "Recipe_09_01", "Recipe_09_01\Recipe_09_01.csproj", "{E57F09D8-C06D-4D74-85E5-C62CCD63997C}"
EndProject
Project("{FAE04EC0-301F-11D3-BF4B-00C04F79EFBC}") = "Recipe_09_02", "Recipe_09_02\Recipe_09_02.csproj", "{5351277A-B4D2-4BA5-ADAB-B4A56325139F}"
EndProject
Project("{FAE04EC0-301F-11D3-BF4B-00C04F79EFBC}") = "Recipe_09_03", "Recipe_09_03\Recipe_09_03.csproj", "{19F6A1C7-A364-4096-A92A-0119331C6D13}"
EndProject
Project("{FAE04EC0-301F-11D3-BF4B-00C04F79EFBC}") = "Recipe_09_04", "Recipe_09_04\Recipe_09_04.csproj", "{B63194EE-2838-43E5-83AB-642DAFB6C6EC}"
EndProject
Project("{FAE04EC0-301F-11D3-BF4B-00C04F79EFBC}") = "Recipe_09_05", "Recipe_09_05\Recipe_09_05.csproj", "{1323B689-BAAF-4BA2-9EA5-08F0BDF3A04B}"
EndProject
Project("{FAE04EC0-301F-11D3-BF4B-00C04F79EFBC}") = "Recipe_09_06", "Recipe_09_06\Recipe_09_06.csproj", "{BB4688EC-24A5-4FF3-9ADE-E534D51EBFB4}"
EndProject
Project("{FAE04EC0-301F-11D3-BF4B-00C04F79EFBC}") = "Recipe_09_07", "Recipe_09_07\Recipe_09_07.csproj", "{A2D4698F-2312-4A83-B771-D21F014CD684}"
EndProject
Project("{FAE04EC0-301F-11D3-BF4B-00C04F79EFBC}") = "Recipe_09_08", "Recipe_09_08\Recipe_09_08.csproj", "{05043F4A-ECA7-4C3D-BCDD-AC398B9B75A2}"
EndProject
Project("{FAE04EC0-301F-11D3-BF4B-00C04F79EFBC}") = "Recipe_09_09", "Recipe_09_09\Recipe_09_09.csproj", "{E127A0C2-B94A-48B7-9D70-039BDC7D18D4}"
EndProject
Project("{FAE04EC0-301F-11D3-BF4B-00C04F79EFBC}") = "Recipe_09_10", "Recipe_09_10\Recipe_09_10.csproj", "{CDEF601E-1ED1-4FC9-A759-5D7ED939FB9E}"
EndProject
Project("{FAE04EC0-301F-11D3-BF4B-00C04F79EFBC}") = "Recipe_09_11", "Recipe_09_11\Recipe_09_11.csproj", "{8AD6562A-8621-4E14-8263-F598F0760BDD}"
EndProject
Project("{FAE04EC0-301F-11D3-BF4B-00C04F79EFBC}") = "Recipe_09_12", "Recipe_09_12\Recipe_09_12.csproj", "{385BCE40-6FF0-433E-932F-2006B2E81427}"
EndProject
Project("{FAE04EC0-301F-11D3-BF4B-00C04F79EFBC}") = "Recipe_09_13", "Recipe_09_13\Recipe_09_13.csproj", "{0ECC2D46-F022-4786-B3C8-DD63CA0F18AB}"
EndProject
Project("{FAE04EC0-301F-11D3-BF4B-00C04F79EFBC}") = "Recipe_09_14", "Recipe_09_14\Recipe_09_14.csproj", "{0EECC368-0268-4C69-9B9F-78D9046649B2}"
EndProject
Project("{FAE04EC0-301F-11D3-BF4B-00C04F79EFBC}") = "Recipe_09_15", "Recipe_09_15\Recipe_09_15.csproj", "{498FEB8C-85B3-45D1-8592-260936C65453}"
EndProject
Project("{FAE04EC0-301F-11D3-BF4B-00C04F79EFBC}") = "Recipe_09_16", "Recipe_09_16\Recipe_09_16.csproj", "{9122DF1F-2007-4163-A4CD-3A3CA6EA4EF8}"
EndProject
Project("{FAE04EC0-301F-11D3-BF4B-00C04F79EFBC}") = "Recipe_09_17", "Recipe_09_17\Recipe_09_17.csproj", "{4DBEBE2E-5693-44B8-AA5A-02D9F9A19D39}"
EndProject
Project("{FAE04EC0-301F-11D3-BF4B-00C04F79EFBC}") = "Recipe_09_18", "Recipe_09_18\Recipe_09_18.csproj", "{8FB7468E-B78F-494E-9B1F-27F75B9F8EAC}"
EndProject
Project("{FAE04EC0-301F-11D3-BF4B-00C04F79EFBC}") = "Recipe_09_19", "Recipe_09_19\Recipe_09_19.csproj", "{67F4EB84-1CB8-4FA4-A65D-E68AFC5048DB}"
EndProject
Global
	GlobalSection(SolutionConfigurationPlatforms) = preSolution
		Debug|Any CPU = Debug|Any CPU
		Release|Any CPU = Release|Any CPU
	EndGlobalSection
	GlobalSection(ProjectConfigurationPlatforms) = postSolution
		{E57F09D8-C06D-4D74-85E5-C62CCD63997C}.Debug|Any CPU.ActiveCfg = Debug|Any CPU
		{E57F09D8-C06D-4D74-85E5-C62CCD63997C}.Debug|Any CPU.Build.0 = Debug|Any CPU
		{E57F09D8-C06D-4D74-85E5-C62CCD63997C}.Release|Any CPU.ActiveCfg = Release|Any CPU
		{E57F09D8-C06D-4D74-85E5-C62CCD63997C}.Release|Any CPU.Build.0 = Release|Any CPU
		{5351277A-B4D2-4BA5-ADAB-B4A56325139F}.Debug|Any CPU.ActiveCfg = Debug|Any CPU
		{5351277A-B4D2-4BA5-ADAB-B4A56325139F}.Debug|Any CPU.Build.0 = Debug|Any CPU
		{5351277A-B4D2-4BA5-ADAB-B4A56325139F}.Release|Any CPU.ActiveCfg = Release|Any CPU
		{5351277A-B4D2-4BA5-ADAB-B4A56325139F}.Release|Any CPU.Build.0 = Release|Any CPU
		{19F6A1C7-A364-4096-A92A-0119331C6D13}.Debug|Any CPU.ActiveCfg = Debug|Any CPU
		{19F6A1C7-A364-4096-A92A-0119331C6D13}.Debug|Any CPU.Build.0 = Debug|Any CPU
		{19F6A1C7-A364-4096-A92A-0119331C6D13}.Release|Any CPU.ActiveCfg = Release|Any CPU
		{19F6A1C7-A364-4096-A92A-0119331C6D13}.Release|Any CPU.Build.0 = Release|Any CPU
		{B63194EE-2838-43E5-83AB-642DAFB6C6EC}.Debug|Any CPU.ActiveCfg = Debug|Any CPU
		{B63194EE-2838-43E5-83AB-642DAFB6C6EC}.Debug|Any CPU.Build.0 = Debug|Any CPU
		{B63194EE-2838-43E5-83AB-642DAFB6C6EC}.Release|Any CPU.ActiveCfg = Release|Any CPU
		{B63194EE-2838-43E5-83AB-642DAFB6C6EC}.Release|Any CPU.Build.0 = Release|Any CPU
		{1323B689-BAAF-4BA2-9EA5-08F0BDF3A04B}.Debug|Any CPU.ActiveCfg = Debug|Any CPU
		{1323B689-BAAF-4BA2-9EA5-08F0BDF3A04B}.Debug|Any CPU.Build.0 = Debug|Any CPU
		{1323B689-BAAF-4BA2-9EA5-08F0BDF3A04B}.Release|Any CPU.ActiveCfg = Release|Any CPU
		{1323B689-BAAF-4BA2-9EA5-08F0BDF3A04B}.Release|Any CPU.Build.0 = Release|Any CPU
		{BB4688EC-24A5-4FF3-9ADE-E534D51EBFB4}.Debug|Any CPU.ActiveCfg = Debug|Any CPU
		{BB4688EC-24A5-4FF3-9ADE-E534D51EBFB4}.Debug|Any CPU.Build.0 = Debug|Any CPU
		{BB4688EC-24A5-4FF3-9ADE-E534D51EBFB4}.Release|Any CPU.ActiveCfg = Release|Any CPU
		{BB4688EC-24A5-4FF3-9ADE-E534D51EBFB4}.Release|Any CPU.Build.0 = Release|Any CPU
		{A2D4698F-2312-4A83-B771-D21F014CD684}.Debug|Any CPU.ActiveCfg = Debug|Any CPU
		{A2D4698F-2312-4A83-B771-D21F014CD684}.Debug|Any CPU.Build.0 = Debug|Any CPU
		{A2D4698F-2312-4A83-B771-D21F014CD684}.Release|Any CPU.ActiveCfg = Release|Any CPU
		{A2D4698F-2312-4A83-B771-D21F014CD684}.Release|Any CPU.Build.0 = Release|Any CPU
		{05043F4A-ECA7-4C3D-BCDD-AC398B9B75A2}.Debug|Any CPU.ActiveCfg = Debug|Any CPU
		{05043F4A-ECA7-4C3D-BCDD-AC398B9B75A2}.Debug|Any CPU.Build.0 = Debug|Any CPU
		{05043F4A-ECA7-4C3D-BCDD-AC398B9B75A2}.Release|Any CPU.ActiveCfg = Release|Any CPU
		{05043F4A-ECA7-4C3D-BCDD-AC398B9B75A2}.Release|Any CPU.Build.0 = Release|Any CPU
		{E127A0C2-B94A-48B7-9D70-039BDC7D18D4}.Debug|Any CPU.ActiveCfg = Debug|Any CPU
		{E127A0C2-B94A-48B7-9D70-039BDC7D18D4}.Debug|Any CPU.Build.0 = Debug|Any CPU
		{E127A0C2-B94A-48B7-9D70-039BDC7D18D4}.Release|Any CPU.ActiveCfg = Release|Any CPU
		{E127A0C2-B94A-48B7-9D70-039BDC7D18D4}.Release|Any CPU.Build.0 = Release|Any CPU
		{CDEF601E-1ED1-4FC9-A759-5D7ED939FB9E}.Debug|Any CPU.ActiveCfg = Debug|Any CPU
		{CDEF601E-1ED1-4FC9-A759-5D7ED939FB9E}.Debug|Any CPU.Build.0 = Debug|Any CPU
		{CDEF601E-1ED1-4FC9-A759-5D7ED939FB9E}.Release|Any CPU.ActiveCfg = Release|Any CPU
		{CDEF601E-1ED1-4FC9-A759-5D7ED939FB9E}.Release|Any CPU.Build.0 = Release|Any CPU
		{8AD6562A-8621-4E14-8263-F598F0760BDD}.Debug|Any CPU.ActiveCfg = Debug|Any CPU
		{8AD6562A-8621-4E14-8263-F598F0760BDD}.Debug|Any CPU.Build.0 = Debug|Any CPU
		{8AD6562A-8621-4E14-8263-F598F0760BDD}.Release|Any CPU.ActiveCfg = Release|Any CPU
		{8AD6562A-8621-4E14-8263-F598F0760BDD}.Release|Any CPU.Build.0 = Release|Any CPU
		{385BCE40-6FF0-433E-932F-2006B2E81427}.Debug|Any CPU.ActiveCfg = Debug|Any CPU
		{385BCE40-6FF0-433E-932F-2006B2E81427}.Debug|Any CPU.Build.0 = Debug|Any CPU
		{385BCE40-6FF0-433E-932F-2006B2E81427}.Release|Any CPU.ActiveCfg = Release|Any CPU
		{385BCE40-6FF0-433E-932F-2006B2E81427}.Release|Any CPU.Build.0 = Release|Any CPU
		{0ECC2D46-F022-4786-B3C8-DD63CA0F18AB}.Debug|Any CPU.ActiveCfg = Debug|Any CPU
		{0ECC2D46-F022-4786-B3C8-DD63CA0F18AB}.Debug|Any CPU.Build.0 = Debug|Any CPU
		{0ECC2D46-F022-4786-B3C8-DD63CA0F18AB}.Release|Any CPU.ActiveCfg = Release|Any CPU
		{0ECC2D46-F022-4786-B3C8-DD63CA0F18AB}.Release|Any CPU.Build.0 = Release|Any CPU
		{0EECC368-0268-4C69-9B9F-78D9046649B2}.Debug|Any CPU.ActiveCfg = Debug|Any CPU
		{0EECC368-0268-4C69-9B9F-78D9046649B2}.Debug|Any CPU.Build.0 = Debug|Any CPU
		{0EECC368-0268-4C69-9B9F-78D9046649B2}.Release|Any CPU.ActiveCfg = Release|Any CPU
		{0EECC368-0268-4C69-9B9F-78D9046649B2}.Release|Any CPU.Build.0 = Release|Any CPU
		{498FEB8C-85B3-45D1-8592-260936C65453}.Debug|Any CPU.ActiveCfg = Debug|Any CPU
		{498FEB8C-85B3-45D1-8592-260936C65453}.Debug|Any CPU.Build.0 = Debug|Any CPU
		{498FEB8C-85B3-45D1-8592-260936C65453}.Release|Any CPU.ActiveCfg = Release|Any CPU
		{498FEB8C-85B3-45D1-8592-260936C65453}.Release|Any CPU.Build.0 = Release|Any CPU
		{9122DF1F-2007-4163-A4CD-3A3CA6EA4EF8}.Debug|Any CPU.ActiveCfg = Debug|Any CPU
		{9122DF1F-2007-4163-A4CD-3A3CA6EA4EF8}.Debug|Any CPU.Build.0 = Debug|Any CPU
		{9122DF1F-2007-4163-A4CD-3A3CA6EA4EF8}.Release|Any CPU.ActiveCfg = Release|Any CPU
		{9122DF1F-2007-4163-A4CD-3A3CA6EA4EF8}.Release|Any CPU.Build.0 = Release|Any CPU
		{4DBEBE2E-5693-44B8-AA5A-02D9F9A19D39}.Debug|Any CPU.ActiveCfg = Debug|Any CPU
		{4DBEBE2E-5693-44B8-AA5A-02D9F9A19D39}.Debug|Any CPU.Build.0 = Debug|Any CPU
		{4DBEBE2E-5693-44B8-AA5A-02D9F9A19D39}.Release|Any CPU.ActiveCfg = Release|Any CPU
		{4DBEBE2E-5693-44B8-AA5A-02D9F9A19D39}.Release|Any CPU.Build.0 = Release|Any CPU
		{8FB7468E-B78F-494E-9B1F-27F75B9F8EAC}.Debug|Any CPU.ActiveCfg = Debug|Any CPU
		{8FB7468E-B78F-494E-9B1F-27F75B9F8EAC}.Debug|Any CPU.Build.0 = Debug|Any CPU
		{8FB7468E-B78F-494E-9B1F-27F75B9F8EAC}.Release|Any CPU.ActiveCfg = Release|Any CPU
		{8FB7468E-B78F-494E-9B1F-27F75B9F8EAC}.Release|Any CPU.Build.0 = Release|Any CPU
		{67F4EB84-1CB8-4FA4-A65D-E68AFC5048DB}.Debug|Any CPU.ActiveCfg = Debug|Any CPU
		{67F4EB84-1CB8-4FA4-A65D-E68AFC5048DB}.Debug|Any CPU.Build.0 = Debug|Any CPU
		{67F4EB84-1CB8-4FA4-A65D-E68AFC5048DB}.Release|Any CPU.ActiveCfg = Release|Any CPU
		{67F4EB84-1CB8-4FA4-A65D-E68AFC5048DB}.Release|Any CPU.Build.0 = Release|Any CPU
	EndGlobalSection
	GlobalSection(SolutionProperties) = preSolution
		HideSolutionNode = FALSE
	EndGlobalSection
EndGlobal
