
Microsoft Visual Studio Solution File, Format Version 10.00
# Visual Studio 2008
Project("{FAE04EC0-301F-11D3-BF4B-00C04F79EFBC}") = "Recipe_11_02", "Recipe_11_02\Recipe_11_02.csproj", "{C2BF3B18-B6C7-4E47-965F-B2B1C722CE95}"
EndProject
Project("{FAE04EC0-301F-11D3-BF4B-00C04F79EFBC}") = "Recipe_11_03", "Recipe_11_03\Recipe_11_03.csproj", "{B45A61EB-C780-4183-B28B-5853B26FA69A}"
EndProject
Project("{FAE04EC0-301F-11D3-BF4B-00C04F79EFBC}") = "Recipe_11_04", "Recipe_11_04\Recipe_11_04.csproj", "{120D3AFE-BC71-4EA3-8E6F-A3EB7913FCFB}"
EndProject
Project("{FAE04EC0-301F-11D3-BF4B-00C04F79EFBC}") = "Recipe_11_05", "Recipe_11_05\Recipe_11_05.csproj", "{2932B5E5-4DEB-4CF1-BED9-93B043A32D3B}"
EndProject
Project("{FAE04EC0-301F-11D3-BF4B-00C04F79EFBC}") = "Recipe_11_06", "Recipe_11_06\Recipe_11_06.csproj", "{A3DBB65F-0F5A-4853-9978-C66981223340}"
EndProject
Project("{FAE04EC0-301F-11D3-BF4B-00C04F79EFBC}") = "Recipe_11_07", "Recipe_11_07\Recipe_11_07.csproj", "{A832D701-3984-4B33-AC49-E54F9C0EC6B1}"
EndProject
Project("{FAE04EC0-301F-11D3-BF4B-00C04F79EFBC}") = "Recipe_11_08", "Recipe_11_08\Recipe_11_08.csproj", "{638BAEDB-F3AF-4DB0-807D-1BF08BE2AB56}"
EndProject
Project("{FAE04EC0-301F-11D3-BF4B-00C04F79EFBC}") = "Recipe_11_09", "Recipe_11_09\Recipe_11_09.csproj", "{D20FB5A5-1120-4C1B-8CDB-8D2945F98C53}"
EndProject
Project("{FAE04EC0-301F-11D3-BF4B-00C04F79EFBC}") = "Recipe_11_10", "Recipe_11_10\Recipe_11_10.csproj", "{227A17BC-2B6B-40E6-B41F-2226209FBB12}"
EndProject
Project("{FAE04EC0-301F-11D3-BF4B-00C04F79EFBC}") = "Recipe_11_11", "Recipe_11_11\Recipe_11_11.csproj", "{2B976344-BE28-439F-B5D0-B3F66F5CF802}"
EndProject
Project("{FAE04EC0-301F-11D3-BF4B-00C04F79EFBC}") = "Recipe_11_12", "Recipe_11_12\Recipe_11_12.csproj", "{BE49CE00-C4CB-404A-8DDF-31AA39FE224A}"
EndProject
Project("{FAE04EC0-301F-11D3-BF4B-00C04F79EFBC}") = "Recipe_11_13", "Recipe_11_13\Recipe_11_13.csproj", "{B2486105-35B1-4991-B239-0D14C4968201}"
EndProject
Project("{FAE04EC0-301F-11D3-BF4B-00C04F79EFBC}") = "Recipe_11_14", "Recipe_11_14\Recipe_11_14.csproj", "{3DC6DD9E-66B0-4480-8F82-DAC049073336}"
EndProject
Project("{FAE04EC0-301F-11D3-BF4B-00C04F79EFBC}") = "Recipe_11_15", "Recipe_11_15\Recipe_11_15.csproj", "{5CCB8F2F-2176-400B-989D-8116AFFD0FF2}"
EndProject
Project("{FAE04EC0-301F-11D3-BF4B-00C04F79EFBC}") = "Recipe_11_16", "Recipe_11_16\Recipe_11_16.csproj", "{C049ED73-E6EC-456E-8AD6-605CE506C285}"
EndProject
Project("{FAE04EC0-301F-11D3-BF4B-00C04F79EFBC}") = "Recipe_11_17", "Recipe_11_17\Recipe_11_17.csproj", "{6BD41477-E7B4-4BDA-BB66-5DCA6ED6E123}"
EndProject
Project("{FAE04EC0-301F-11D3-BF4B-00C04F79EFBC}") = "Recipe_11_18", "Recipe_11_18\Recipe_11_18.csproj", "{6BD8A3EE-D93C-4FB7-9C75-922B8423E951}"
EndProject
Project("{FAE04EC0-301F-11D3-BF4B-00C04F79EFBC}") = "Recipe_11_01", "Recipe_11_01\Recipe_11_01.csproj", "{A8470A37-112E-491B-B5E7-1124BD09A4F6}"
EndProject
Global
	GlobalSection(SolutionConfigurationPlatforms) = preSolution
		Debug|Any CPU = Debug|Any CPU
		Release|Any CPU = Release|Any CPU
	EndGlobalSection
	GlobalSection(ProjectConfigurationPlatforms) = postSolution
		{C2BF3B18-B6C7-4E47-965F-B2B1C722CE95}.Debug|Any CPU.ActiveCfg = Debug|Any CPU
		{C2BF3B18-B6C7-4E47-965F-B2B1C722CE95}.Debug|Any CPU.Build.0 = Debug|Any CPU
		{C2BF3B18-B6C7-4E47-965F-B2B1C722CE95}.Release|Any CPU.ActiveCfg = Release|Any CPU
		{C2BF3B18-B6C7-4E47-965F-B2B1C722CE95}.Release|Any CPU.Build.0 = Release|Any CPU
		{B45A61EB-C780-4183-B28B-5853B26FA69A}.Debug|Any CPU.ActiveCfg = Debug|Any CPU
		{B45A61EB-C780-4183-B28B-5853B26FA69A}.Debug|Any CPU.Build.0 = Debug|Any CPU
		{B45A61EB-C780-4183-B28B-5853B26FA69A}.Release|Any CPU.ActiveCfg = Release|Any CPU
		{B45A61EB-C780-4183-B28B-5853B26FA69A}.Release|Any CPU.Build.0 = Release|Any CPU
		{120D3AFE-BC71-4EA3-8E6F-A3EB7913FCFB}.Debug|Any CPU.ActiveCfg = Debug|Any CPU
		{120D3AFE-BC71-4EA3-8E6F-A3EB7913FCFB}.Debug|Any CPU.Build.0 = Debug|Any CPU
		{120D3AFE-BC71-4EA3-8E6F-A3EB7913FCFB}.Release|Any CPU.ActiveCfg = Release|Any CPU
		{120D3AFE-BC71-4EA3-8E6F-A3EB7913FCFB}.Release|Any CPU.Build.0 = Release|Any CPU
		{2932B5E5-4DEB-4CF1-BED9-93B043A32D3B}.Debug|Any CPU.ActiveCfg = Debug|Any CPU
		{2932B5E5-4DEB-4CF1-BED9-93B043A32D3B}.Debug|Any CPU.Build.0 = Debug|Any CPU
		{2932B5E5-4DEB-4CF1-BED9-93B043A32D3B}.Release|Any CPU.ActiveCfg = Release|Any CPU
		{2932B5E5-4DEB-4CF1-BED9-93B043A32D3B}.Release|Any CPU.Build.0 = Release|Any CPU
		{A3DBB65F-0F5A-4853-9978-C66981223340}.Debug|Any CPU.ActiveCfg = Debug|Any CPU
		{A3DBB65F-0F5A-4853-9978-C66981223340}.Debug|Any CPU.Build.0 = Debug|Any CPU
		{A3DBB65F-0F5A-4853-9978-C66981223340}.Release|Any CPU.ActiveCfg = Release|Any CPU
		{A3DBB65F-0F5A-4853-9978-C66981223340}.Release|Any CPU.Build.0 = Release|Any CPU
		{A832D701-3984-4B33-AC49-E54F9C0EC6B1}.Debug|Any CPU.ActiveCfg = Debug|Any CPU
		{A832D701-3984-4B33-AC49-E54F9C0EC6B1}.Debug|Any CPU.Build.0 = Debug|Any CPU
		{A832D701-3984-4B33-AC49-E54F9C0EC6B1}.Release|Any CPU.ActiveCfg = Release|Any CPU
		{A832D701-3984-4B33-AC49-E54F9C0EC6B1}.Release|Any CPU.Build.0 = Release|Any CPU
		{638BAEDB-F3AF-4DB0-807D-1BF08BE2AB56}.Debug|Any CPU.ActiveCfg = Debug|Any CPU
		{638BAEDB-F3AF-4DB0-807D-1BF08BE2AB56}.Debug|Any CPU.Build.0 = Debug|Any CPU
		{638BAEDB-F3AF-4DB0-807D-1BF08BE2AB56}.Release|Any CPU.ActiveCfg = Release|Any CPU
		{638BAEDB-F3AF-4DB0-807D-1BF08BE2AB56}.Release|Any CPU.Build.0 = Release|Any CPU
		{D20FB5A5-1120-4C1B-8CDB-8D2945F98C53}.Debug|Any CPU.ActiveCfg = Debug|Any CPU
		{D20FB5A5-1120-4C1B-8CDB-8D2945F98C53}.Debug|Any CPU.Build.0 = Debug|Any CPU
		{D20FB5A5-1120-4C1B-8CDB-8D2945F98C53}.Release|Any CPU.ActiveCfg = Release|Any CPU
		{D20FB5A5-1120-4C1B-8CDB-8D2945F98C53}.Release|Any CPU.Build.0 = Release|Any CPU
		{227A17BC-2B6B-40E6-B41F-2226209FBB12}.Debug|Any CPU.ActiveCfg = Debug|Any CPU
		{227A17BC-2B6B-40E6-B41F-2226209FBB12}.Debug|Any CPU.Build.0 = Debug|Any CPU
		{227A17BC-2B6B-40E6-B41F-2226209FBB12}.Release|Any CPU.ActiveCfg = Release|Any CPU
		{227A17BC-2B6B-40E6-B41F-2226209FBB12}.Release|Any CPU.Build.0 = Release|Any CPU
		{2B976344-BE28-439F-B5D0-B3F66F5CF802}.Debug|Any CPU.ActiveCfg = Debug|Any CPU
		{2B976344-BE28-439F-B5D0-B3F66F5CF802}.Debug|Any CPU.Build.0 = Debug|Any CPU
		{2B976344-BE28-439F-B5D0-B3F66F5CF802}.Release|Any CPU.ActiveCfg = Release|Any CPU
		{2B976344-BE28-439F-B5D0-B3F66F5CF802}.Release|Any CPU.Build.0 = Release|Any CPU
		{BE49CE00-C4CB-404A-8DDF-31AA39FE224A}.Debug|Any CPU.ActiveCfg = Debug|Any CPU
		{BE49CE00-C4CB-404A-8DDF-31AA39FE224A}.Debug|Any CPU.Build.0 = Debug|Any CPU
		{BE49CE00-C4CB-404A-8DDF-31AA39FE224A}.Release|Any CPU.ActiveCfg = Release|Any CPU
		{BE49CE00-C4CB-404A-8DDF-31AA39FE224A}.Release|Any CPU.Build.0 = Release|Any CPU
		{B2486105-35B1-4991-B239-0D14C4968201}.Debug|Any CPU.ActiveCfg = Debug|Any CPU
		{B2486105-35B1-4991-B239-0D14C4968201}.Debug|Any CPU.Build.0 = Debug|Any CPU
		{B2486105-35B1-4991-B239-0D14C4968201}.Release|Any CPU.ActiveCfg = Release|Any CPU
		{B2486105-35B1-4991-B239-0D14C4968201}.Release|Any CPU.Build.0 = Release|Any CPU
		{3DC6DD9E-66B0-4480-8F82-DAC049073336}.Debug|Any CPU.ActiveCfg = Debug|Any CPU
		{3DC6DD9E-66B0-4480-8F82-DAC049073336}.Debug|Any CPU.Build.0 = Debug|Any CPU
		{3DC6DD9E-66B0-4480-8F82-DAC049073336}.Release|Any CPU.ActiveCfg = Release|Any CPU
		{3DC6DD9E-66B0-4480-8F82-DAC049073336}.Release|Any CPU.Build.0 = Release|Any CPU
		{5CCB8F2F-2176-400B-989D-8116AFFD0FF2}.Debug|Any CPU.ActiveCfg = Debug|Any CPU
		{5CCB8F2F-2176-400B-989D-8116AFFD0FF2}.Debug|Any CPU.Build.0 = Debug|Any CPU
		{5CCB8F2F-2176-400B-989D-8116AFFD0FF2}.Release|Any CPU.ActiveCfg = Release|Any CPU
		{5CCB8F2F-2176-400B-989D-8116AFFD0FF2}.Release|Any CPU.Build.0 = Release|Any CPU
		{C049ED73-E6EC-456E-8AD6-605CE506C285}.Debug|Any CPU.ActiveCfg = Debug|Any CPU
		{C049ED73-E6EC-456E-8AD6-605CE506C285}.Debug|Any CPU.Build.0 = Debug|Any CPU
		{C049ED73-E6EC-456E-8AD6-605CE506C285}.Release|Any CPU.ActiveCfg = Release|Any CPU
		{C049ED73-E6EC-456E-8AD6-605CE506C285}.Release|Any CPU.Build.0 = Release|Any CPU
		{6BD41477-E7B4-4BDA-BB66-5DCA6ED6E123}.Debug|Any CPU.ActiveCfg = Debug|Any CPU
		{6BD41477-E7B4-4BDA-BB66-5DCA6ED6E123}.Debug|Any CPU.Build.0 = Debug|Any CPU
		{6BD41477-E7B4-4BDA-BB66-5DCA6ED6E123}.Release|Any CPU.ActiveCfg = Release|Any CPU
		{6BD41477-E7B4-4BDA-BB66-5DCA6ED6E123}.Release|Any CPU.Build.0 = Release|Any CPU
		{6BD8A3EE-D93C-4FB7-9C75-922B8423E951}.Debug|Any CPU.ActiveCfg = Debug|Any CPU
		{6BD8A3EE-D93C-4FB7-9C75-922B8423E951}.Debug|Any CPU.Build.0 = Debug|Any CPU
		{6BD8A3EE-D93C-4FB7-9C75-922B8423E951}.Release|Any CPU.ActiveCfg = Release|Any CPU
		{6BD8A3EE-D93C-4FB7-9C75-922B8423E951}.Release|Any CPU.Build.0 = Release|Any CPU
		{A8470A37-112E-491B-B5E7-1124BD09A4F6}.Debug|Any CPU.ActiveCfg = Debug|Any CPU
		{A8470A37-112E-491B-B5E7-1124BD09A4F6}.Debug|Any CPU.Build.0 = Debug|Any CPU
		{A8470A37-112E-491B-B5E7-1124BD09A4F6}.Release|Any CPU.ActiveCfg = Release|Any CPU
		{A8470A37-112E-491B-B5E7-1124BD09A4F6}.Release|Any CPU.Build.0 = Release|Any CPU
	EndGlobalSection
	GlobalSection(SolutionProperties) = preSolution
		HideSolutionNode = FALSE
	EndGlobalSection
EndGlobal
