
Microsoft Visual Studio Solution File, Format Version 10.00
# Visual C# Express 2008
Project("{FAE04EC0-301F-11D3-BF4B-00C04F79EFBC}") = "Recipe_06_01", "Recipe_06_01\Recipe_06_01.csproj", "{128015A2-11AA-4A90-8B1A-7183A15B1455}"
EndProject
Project("{FAE04EC0-301F-11D3-BF4B-00C04F79EFBC}") = "Recipe_06_02", "Recipe_06_02\Recipe_06_02.csproj", "{1EA85926-B759-4AFD-9BBC-BE5BEC459BDD}"
EndProject
Project("{FAE04EC0-301F-11D3-BF4B-00C04F79EFBC}") = "Recipe_06_03", "Recipe_06_03\Recipe_06_03.csproj", "{1B65218E-11B3-492F-B4B7-01EBF68776D8}"
EndProject
Project("{FAE04EC0-301F-11D3-BF4B-00C04F79EFBC}") = "Recipe_06_04", "Recipe_06_04\Recipe_06_04.csproj", "{58E1204C-A463-4972-97B2-D7F22BE7FCE2}"
EndProject
Project("{FAE04EC0-301F-11D3-BF4B-00C04F79EFBC}") = "Recipe_06_05", "Recipe_06_05\Recipe_06_05.csproj", "{B3AC1FB6-7D66-42BC-887D-3301EADA31BB}"
EndProject
Project("{FAE04EC0-301F-11D3-BF4B-00C04F79EFBC}") = "Recipe_06_06", "Recipe_06_06\Recipe_06_06.csproj", "{59517B43-771C-4003-A408-CD7622B9C086}"
EndProject
Project("{FAE04EC0-301F-11D3-BF4B-00C04F79EFBC}") = "Recipe_06_07", "Recipe_06_07\Recipe_06_07.csproj", "{97DDC66A-ADB2-49B0-A24D-D3142CC403F1}"
EndProject
Project("{FAE04EC0-301F-11D3-BF4B-00C04F79EFBC}") = "Recipe_06_08", "Recipe_06_08\Recipe_06_08.csproj", "{DC5B9B7F-3844-4EBD-90B8-4DD37C65BAD4}"
EndProject
Project("{FAE04EC0-301F-11D3-BF4B-00C04F79EFBC}") = "Recipe_06_09", "Recipe_06_09\Recipe_06_09.csproj", "{BB5E8EF0-6165-480C-94F3-94A64929416F}"
EndProject
Project("{FAE04EC0-301F-11D3-BF4B-00C04F79EFBC}") = "Recipe_06_10", "Recipe_06_10\Recipe_06_10.csproj", "{79406170-5D85-4E39-A7CA-509354350465}"
EndProject
Project("{FAE04EC0-301F-11D3-BF4B-00C04F79EFBC}") = "Recipe_06_11", "Recipe_06_11\Recipe_06_11.csproj", "{0EB9F068-0C9C-4BCD-A9F8-A57C404CBBCF}"
EndProject
Project("{FAE04EC0-301F-11D3-BF4B-00C04F79EFBC}") = "Recipe_06_12", "Recipe_06_12\Recipe_06_12.csproj", "{52DE5771-CC6B-4FE9-8D18-F34818EB94E3}"
EndProject
Project("{FAE04EC0-301F-11D3-BF4B-00C04F79EFBC}") = "Recipe_06_13", "Recipe_06_13\Recipe_06_13.csproj", "{9E76AF44-82E2-4FCE-8F62-D328BB0FF082}"
EndProject
Project("{FAE04EC0-301F-11D3-BF4B-00C04F79EFBC}") = "Recipe_06_14", "Recipe_06_14\Recipe_06_14.csproj", "{D763B9CD-7DC3-43B7-AB63-AD1A4F0B739D}"
EndProject
Project("{FAE04EC0-301F-11D3-BF4B-00C04F79EFBC}") = "Recipe_06_15", "Recipe_06_15\Recipe_06_15.csproj", "{1C99BA9F-095F-4532-B83C-65B20005E1CA}"
EndProject
Project("{FAE04EC0-301F-11D3-BF4B-00C04F79EFBC}") = "Recipe_06_16", "Recipe_06_16\Recipe_06_16.csproj", "{0CAF20A3-58B6-422F-9D0E-279732325652}"
EndProject
Project("{FAE04EC0-301F-11D3-BF4B-00C04F79EFBC}") = "Recipe_06_17", "Recipe_06_17\Recipe_06_17.csproj", "{2B94C250-1EC3-439B-A2F6-782F9E174ADD}"
EndProject
Project("{FAE04EC0-301F-11D3-BF4B-00C04F79EFBC}") = "Recipe_06_18", "Recipe_06_18\Recipe_06_18.csproj", "{58C863A6-F6C4-4BF5-B3E6-7AC093E1E154}"
EndProject
Project("{FAE04EC0-301F-11D3-BF4B-00C04F79EFBC}") = "Recipe_06_19", "Recipe_06_19\Recipe_06_19.csproj", "{68531889-9311-4A81-81A7-14D52038F863}"
EndProject
Project("{FAE04EC0-301F-11D3-BF4B-00C04F79EFBC}") = "Recipe_06_20", "Recipe_06_20\Recipe_06_20.csproj", "{5D1454B9-2A0F-43BC-AE73-DC86BE8090B1}"
EndProject
Global
	GlobalSection(SolutionConfigurationPlatforms) = preSolution
		Debug|Any CPU = Debug|Any CPU
		Release|Any CPU = Release|Any CPU
	EndGlobalSection
	GlobalSection(ProjectConfigurationPlatforms) = postSolution
		{128015A2-11AA-4A90-8B1A-7183A15B1455}.Debug|Any CPU.ActiveCfg = Debug|Any CPU
		{128015A2-11AA-4A90-8B1A-7183A15B1455}.Debug|Any CPU.Build.0 = Debug|Any CPU
		{128015A2-11AA-4A90-8B1A-7183A15B1455}.Release|Any CPU.ActiveCfg = Release|Any CPU
		{128015A2-11AA-4A90-8B1A-7183A15B1455}.Release|Any CPU.Build.0 = Release|Any CPU
		{1EA85926-B759-4AFD-9BBC-BE5BEC459BDD}.Debug|Any CPU.ActiveCfg = Debug|Any CPU
		{1EA85926-B759-4AFD-9BBC-BE5BEC459BDD}.Debug|Any CPU.Build.0 = Debug|Any CPU
		{1EA85926-B759-4AFD-9BBC-BE5BEC459BDD}.Release|Any CPU.ActiveCfg = Release|Any CPU
		{1EA85926-B759-4AFD-9BBC-BE5BEC459BDD}.Release|Any CPU.Build.0 = Release|Any CPU
		{1B65218E-11B3-492F-B4B7-01EBF68776D8}.Debug|Any CPU.ActiveCfg = Debug|Any CPU
		{1B65218E-11B3-492F-B4B7-01EBF68776D8}.Debug|Any CPU.Build.0 = Debug|Any CPU
		{1B65218E-11B3-492F-B4B7-01EBF68776D8}.Release|Any CPU.ActiveCfg = Release|Any CPU
		{1B65218E-11B3-492F-B4B7-01EBF68776D8}.Release|Any CPU.Build.0 = Release|Any CPU
		{58E1204C-A463-4972-97B2-D7F22BE7FCE2}.Debug|Any CPU.ActiveCfg = Debug|Any CPU
		{58E1204C-A463-4972-97B2-D7F22BE7FCE2}.Debug|Any CPU.Build.0 = Debug|Any CPU
		{58E1204C-A463-4972-97B2-D7F22BE7FCE2}.Release|Any CPU.ActiveCfg = Release|Any CPU
		{58E1204C-A463-4972-97B2-D7F22BE7FCE2}.Release|Any CPU.Build.0 = Release|Any CPU
		{B3AC1FB6-7D66-42BC-887D-3301EADA31BB}.Debug|Any CPU.ActiveCfg = Debug|Any CPU
		{B3AC1FB6-7D66-42BC-887D-3301EADA31BB}.Debug|Any CPU.Build.0 = Debug|Any CPU
		{B3AC1FB6-7D66-42BC-887D-3301EADA31BB}.Release|Any CPU.ActiveCfg = Release|Any CPU
		{B3AC1FB6-7D66-42BC-887D-3301EADA31BB}.Release|Any CPU.Build.0 = Release|Any CPU
		{59517B43-771C-4003-A408-CD7622B9C086}.Debug|Any CPU.ActiveCfg = Debug|Any CPU
		{59517B43-771C-4003-A408-CD7622B9C086}.Debug|Any CPU.Build.0 = Debug|Any CPU
		{59517B43-771C-4003-A408-CD7622B9C086}.Release|Any CPU.ActiveCfg = Release|Any CPU
		{59517B43-771C-4003-A408-CD7622B9C086}.Release|Any CPU.Build.0 = Release|Any CPU
		{97DDC66A-ADB2-49B0-A24D-D3142CC403F1}.Debug|Any CPU.ActiveCfg = Debug|Any CPU
		{97DDC66A-ADB2-49B0-A24D-D3142CC403F1}.Debug|Any CPU.Build.0 = Debug|Any CPU
		{97DDC66A-ADB2-49B0-A24D-D3142CC403F1}.Release|Any CPU.ActiveCfg = Release|Any CPU
		{97DDC66A-ADB2-49B0-A24D-D3142CC403F1}.Release|Any CPU.Build.0 = Release|Any CPU
		{DC5B9B7F-3844-4EBD-90B8-4DD37C65BAD4}.Debug|Any CPU.ActiveCfg = Debug|Any CPU
		{DC5B9B7F-3844-4EBD-90B8-4DD37C65BAD4}.Debug|Any CPU.Build.0 = Debug|Any CPU
		{DC5B9B7F-3844-4EBD-90B8-4DD37C65BAD4}.Release|Any CPU.ActiveCfg = Release|Any CPU
		{DC5B9B7F-3844-4EBD-90B8-4DD37C65BAD4}.Release|Any CPU.Build.0 = Release|Any CPU
		{BB5E8EF0-6165-480C-94F3-94A64929416F}.Debug|Any CPU.ActiveCfg = Debug|Any CPU
		{BB5E8EF0-6165-480C-94F3-94A64929416F}.Debug|Any CPU.Build.0 = Debug|Any CPU
		{BB5E8EF0-6165-480C-94F3-94A64929416F}.Release|Any CPU.ActiveCfg = Release|Any CPU
		{BB5E8EF0-6165-480C-94F3-94A64929416F}.Release|Any CPU.Build.0 = Release|Any CPU
		{79406170-5D85-4E39-A7CA-509354350465}.Debug|Any CPU.ActiveCfg = Debug|Any CPU
		{79406170-5D85-4E39-A7CA-509354350465}.Debug|Any CPU.Build.0 = Debug|Any CPU
		{79406170-5D85-4E39-A7CA-509354350465}.Release|Any CPU.ActiveCfg = Release|Any CPU
		{79406170-5D85-4E39-A7CA-509354350465}.Release|Any CPU.Build.0 = Release|Any CPU
		{0EB9F068-0C9C-4BCD-A9F8-A57C404CBBCF}.Debug|Any CPU.ActiveCfg = Debug|Any CPU
		{0EB9F068-0C9C-4BCD-A9F8-A57C404CBBCF}.Debug|Any CPU.Build.0 = Debug|Any CPU
		{0EB9F068-0C9C-4BCD-A9F8-A57C404CBBCF}.Release|Any CPU.ActiveCfg = Release|Any CPU
		{0EB9F068-0C9C-4BCD-A9F8-A57C404CBBCF}.Release|Any CPU.Build.0 = Release|Any CPU
		{52DE5771-CC6B-4FE9-8D18-F34818EB94E3}.Debug|Any CPU.ActiveCfg = Debug|Any CPU
		{52DE5771-CC6B-4FE9-8D18-F34818EB94E3}.Debug|Any CPU.Build.0 = Debug|Any CPU
		{52DE5771-CC6B-4FE9-8D18-F34818EB94E3}.Release|Any CPU.ActiveCfg = Release|Any CPU
		{52DE5771-CC6B-4FE9-8D18-F34818EB94E3}.Release|Any CPU.Build.0 = Release|Any CPU
		{9E76AF44-82E2-4FCE-8F62-D328BB0FF082}.Debug|Any CPU.ActiveCfg = Debug|Any CPU
		{9E76AF44-82E2-4FCE-8F62-D328BB0FF082}.Debug|Any CPU.Build.0 = Debug|Any CPU
		{9E76AF44-82E2-4FCE-8F62-D328BB0FF082}.Release|Any CPU.ActiveCfg = Release|Any CPU
		{9E76AF44-82E2-4FCE-8F62-D328BB0FF082}.Release|Any CPU.Build.0 = Release|Any CPU
		{D763B9CD-7DC3-43B7-AB63-AD1A4F0B739D}.Debug|Any CPU.ActiveCfg = Debug|Any CPU
		{D763B9CD-7DC3-43B7-AB63-AD1A4F0B739D}.Debug|Any CPU.Build.0 = Debug|Any CPU
		{D763B9CD-7DC3-43B7-AB63-AD1A4F0B739D}.Release|Any CPU.ActiveCfg = Release|Any CPU
		{D763B9CD-7DC3-43B7-AB63-AD1A4F0B739D}.Release|Any CPU.Build.0 = Release|Any CPU
		{1C99BA9F-095F-4532-B83C-65B20005E1CA}.Debug|Any CPU.ActiveCfg = Debug|Any CPU
		{1C99BA9F-095F-4532-B83C-65B20005E1CA}.Debug|Any CPU.Build.0 = Debug|Any CPU
		{1C99BA9F-095F-4532-B83C-65B20005E1CA}.Release|Any CPU.ActiveCfg = Release|Any CPU
		{1C99BA9F-095F-4532-B83C-65B20005E1CA}.Release|Any CPU.Build.0 = Release|Any CPU
		{0CAF20A3-58B6-422F-9D0E-279732325652}.Debug|Any CPU.ActiveCfg = Debug|Any CPU
		{0CAF20A3-58B6-422F-9D0E-279732325652}.Debug|Any CPU.Build.0 = Debug|Any CPU
		{0CAF20A3-58B6-422F-9D0E-279732325652}.Release|Any CPU.ActiveCfg = Release|Any CPU
		{0CAF20A3-58B6-422F-9D0E-279732325652}.Release|Any CPU.Build.0 = Release|Any CPU
		{2B94C250-1EC3-439B-A2F6-782F9E174ADD}.Debug|Any CPU.ActiveCfg = Debug|Any CPU
		{2B94C250-1EC3-439B-A2F6-782F9E174ADD}.Debug|Any CPU.Build.0 = Debug|Any CPU
		{2B94C250-1EC3-439B-A2F6-782F9E174ADD}.Release|Any CPU.ActiveCfg = Release|Any CPU
		{2B94C250-1EC3-439B-A2F6-782F9E174ADD}.Release|Any CPU.Build.0 = Release|Any CPU
		{58C863A6-F6C4-4BF5-B3E6-7AC093E1E154}.Debug|Any CPU.ActiveCfg = Debug|Any CPU
		{58C863A6-F6C4-4BF5-B3E6-7AC093E1E154}.Debug|Any CPU.Build.0 = Debug|Any CPU
		{58C863A6-F6C4-4BF5-B3E6-7AC093E1E154}.Release|Any CPU.ActiveCfg = Release|Any CPU
		{58C863A6-F6C4-4BF5-B3E6-7AC093E1E154}.Release|Any CPU.Build.0 = Release|Any CPU
		{68531889-9311-4A81-81A7-14D52038F863}.Debug|Any CPU.ActiveCfg = Debug|Any CPU
		{68531889-9311-4A81-81A7-14D52038F863}.Debug|Any CPU.Build.0 = Debug|Any CPU
		{68531889-9311-4A81-81A7-14D52038F863}.Release|Any CPU.ActiveCfg = Release|Any CPU
		{68531889-9311-4A81-81A7-14D52038F863}.Release|Any CPU.Build.0 = Release|Any CPU
		{5D1454B9-2A0F-43BC-AE73-DC86BE8090B1}.Debug|Any CPU.ActiveCfg = Debug|Any CPU
		{5D1454B9-2A0F-43BC-AE73-DC86BE8090B1}.Debug|Any CPU.Build.0 = Debug|Any CPU
		{5D1454B9-2A0F-43BC-AE73-DC86BE8090B1}.Release|Any CPU.ActiveCfg = Release|Any CPU
		{5D1454B9-2A0F-43BC-AE73-DC86BE8090B1}.Release|Any CPU.Build.0 = Release|Any CPU
	EndGlobalSection
	GlobalSection(SolutionProperties) = preSolution
		HideSolutionNode = FALSE
	EndGlobalSection
EndGlobal
