
Microsoft Visual Studio Solution File, Format Version 10.00
# Visual Studio 2008
Project("{FAE04EC0-301F-11D3-BF4B-00C04F79EFBC}") = "Recipe_07_01", "Recipe_07_01\Recipe_07_01.csproj", "{F15E7151-A839-4781-878B-F4F3B86E2A1C}"
EndProject
Project("{FAE04EC0-301F-11D3-BF4B-00C04F79EFBC}") = "Recipe_07_02", "Recipe_07_02\Recipe_07_02.csproj", "{4D5BFDB6-C9BB-45D0-A233-945019B14A03}"
EndProject
Project("{FAE04EC0-301F-11D3-BF4B-00C04F79EFBC}") = "Recipe_07_03", "Recipe_07_03\Recipe_07_03.csproj", "{3C14BD9B-F2AE-45FF-B5D6-ED2C2F68DC07}"
EndProject
Project("{FAE04EC0-301F-11D3-BF4B-00C04F79EFBC}") = "Recipe_07_04", "Recipe_07_04\Recipe_07_04.csproj", "{4D7F692A-480B-456C-9E54-7D999D9ED198}"
EndProject
Project("{FAE04EC0-301F-11D3-BF4B-00C04F79EFBC}") = "Recipe_07_11", "Recipe_07_11\Recipe_07_11.csproj", "{DA761937-15E9-4101-B1B2-189C2BB51132}"
EndProject
Project("{FAE04EC0-301F-11D3-BF4B-00C04F79EFBC}") = "Recipe_07_12", "Recipe_07_12\Recipe_07_12.csproj", "{48E9CA8F-CF8B-4857-8D1D-AD1354D4BFF3}"
EndProject
Project("{FAE04EC0-301F-11D3-BF4B-00C04F79EFBC}") = "Recipe_07_13", "Recipe_07_13\Recipe_07_13.csproj", "{CF53E39D-FAF0-465E-ACF4-2C877961E101}"
EndProject
Project("{FAE04EC0-301F-11D3-BF4B-00C04F79EFBC}") = "Recipe_07_06", "Recipe_07_06\Recipe_07_06.csproj", "{84B6FD9F-E014-4AA3-9A67-782DC46B09E3}"
EndProject
Project("{FAE04EC0-301F-11D3-BF4B-00C04F79EFBC}") = "Recipe_07_09", "Recipe_07_09\Recipe_07_09.csproj", "{876C3F78-105A-4A58-AA7D-FD18398639D0}"
EndProject
Project("{FAE04EC0-301F-11D3-BF4B-00C04F79EFBC}") = "Recipe_07_08", "Recipe_07_08\Recipe_07_08.csproj", "{5E473D4F-5554-4195-A79C-5486606B95A5}"
EndProject
Project("{FAE04EC0-301F-11D3-BF4B-00C04F79EFBC}") = "Recipe_07_14", "Recipe_07_14\Recipe_07_14.csproj", "{78A461F1-CEED-40E7-A893-E366CA33BAFF}"
EndProject
Project("{FAE04EC0-301F-11D3-BF4B-00C04F79EFBC}") = "Recipe_07_16", "Recipe_07_16\Recipe_07_16.csproj", "{4494333D-1D8C-44E9-8DF3-50D2AE0868D1}"
EndProject
Project("{FAE04EC0-301F-11D3-BF4B-00C04F79EFBC}") = "Recipe_07_07", "Recipe_07_07\Recipe_07_07.csproj", "{47EE99E9-5D26-4444-9DE5-9A1B140D5C73}"
EndProject
Project("{FAE04EC0-301F-11D3-BF4B-00C04F79EFBC}") = "Recipe_07_05", "Recipe_07_05\Recipe_07_05.csproj", "{BE3259A0-227B-408F-B2D2-6E4D6F4452E8}"
EndProject
Project("{FAE04EC0-301F-11D3-BF4B-00C04F79EFBC}") = "Recipe_07_15", "Recipe_07_15\Recipe_07_15.csproj", "{F67C931D-7E13-404D-8DE8-66ACEF1205BE}"
EndProject
Project("{FAE04EC0-301F-11D3-BF4B-00C04F79EFBC}") = "Recipe_07_10", "Recipe_07_10\Recipe_07_10.csproj", "{1C1BE5EF-C5A2-4514-B9B5-786BDF9B4643}"
EndProject
Global
	GlobalSection(SolutionConfigurationPlatforms) = preSolution
		Debug|Any CPU = Debug|Any CPU
		Release|Any CPU = Release|Any CPU
	EndGlobalSection
	GlobalSection(ProjectConfigurationPlatforms) = postSolution
		{F15E7151-A839-4781-878B-F4F3B86E2A1C}.Debug|Any CPU.ActiveCfg = Debug|Any CPU
		{F15E7151-A839-4781-878B-F4F3B86E2A1C}.Debug|Any CPU.Build.0 = Debug|Any CPU
		{F15E7151-A839-4781-878B-F4F3B86E2A1C}.Release|Any CPU.ActiveCfg = Release|Any CPU
		{F15E7151-A839-4781-878B-F4F3B86E2A1C}.Release|Any CPU.Build.0 = Release|Any CPU
		{4D5BFDB6-C9BB-45D0-A233-945019B14A03}.Debug|Any CPU.ActiveCfg = Debug|Any CPU
		{4D5BFDB6-C9BB-45D0-A233-945019B14A03}.Debug|Any CPU.Build.0 = Debug|Any CPU
		{4D5BFDB6-C9BB-45D0-A233-945019B14A03}.Release|Any CPU.ActiveCfg = Release|Any CPU
		{4D5BFDB6-C9BB-45D0-A233-945019B14A03}.Release|Any CPU.Build.0 = Release|Any CPU
		{3C14BD9B-F2AE-45FF-B5D6-ED2C2F68DC07}.Debug|Any CPU.ActiveCfg = Debug|Any CPU
		{3C14BD9B-F2AE-45FF-B5D6-ED2C2F68DC07}.Debug|Any CPU.Build.0 = Debug|Any CPU
		{3C14BD9B-F2AE-45FF-B5D6-ED2C2F68DC07}.Release|Any CPU.ActiveCfg = Release|Any CPU
		{3C14BD9B-F2AE-45FF-B5D6-ED2C2F68DC07}.Release|Any CPU.Build.0 = Release|Any CPU
		{4D7F692A-480B-456C-9E54-7D999D9ED198}.Debug|Any CPU.ActiveCfg = Debug|Any CPU
		{4D7F692A-480B-456C-9E54-7D999D9ED198}.Debug|Any CPU.Build.0 = Debug|Any CPU
		{4D7F692A-480B-456C-9E54-7D999D9ED198}.Release|Any CPU.ActiveCfg = Release|Any CPU
		{4D7F692A-480B-456C-9E54-7D999D9ED198}.Release|Any CPU.Build.0 = Release|Any CPU
		{DA761937-15E9-4101-B1B2-189C2BB51132}.Debug|Any CPU.ActiveCfg = Debug|Any CPU
		{DA761937-15E9-4101-B1B2-189C2BB51132}.Debug|Any CPU.Build.0 = Debug|Any CPU
		{DA761937-15E9-4101-B1B2-189C2BB51132}.Release|Any CPU.ActiveCfg = Release|Any CPU
		{DA761937-15E9-4101-B1B2-189C2BB51132}.Release|Any CPU.Build.0 = Release|Any CPU
		{48E9CA8F-CF8B-4857-8D1D-AD1354D4BFF3}.Debug|Any CPU.ActiveCfg = Debug|Any CPU
		{48E9CA8F-CF8B-4857-8D1D-AD1354D4BFF3}.Debug|Any CPU.Build.0 = Debug|Any CPU
		{48E9CA8F-CF8B-4857-8D1D-AD1354D4BFF3}.Release|Any CPU.ActiveCfg = Release|Any CPU
		{48E9CA8F-CF8B-4857-8D1D-AD1354D4BFF3}.Release|Any CPU.Build.0 = Release|Any CPU
		{CF53E39D-FAF0-465E-ACF4-2C877961E101}.Debug|Any CPU.ActiveCfg = Debug|Any CPU
		{CF53E39D-FAF0-465E-ACF4-2C877961E101}.Debug|Any CPU.Build.0 = Debug|Any CPU
		{CF53E39D-FAF0-465E-ACF4-2C877961E101}.Release|Any CPU.ActiveCfg = Release|Any CPU
		{CF53E39D-FAF0-465E-ACF4-2C877961E101}.Release|Any CPU.Build.0 = Release|Any CPU
		{84B6FD9F-E014-4AA3-9A67-782DC46B09E3}.Debug|Any CPU.ActiveCfg = Debug|Any CPU
		{84B6FD9F-E014-4AA3-9A67-782DC46B09E3}.Debug|Any CPU.Build.0 = Debug|Any CPU
		{84B6FD9F-E014-4AA3-9A67-782DC46B09E3}.Release|Any CPU.ActiveCfg = Release|Any CPU
		{84B6FD9F-E014-4AA3-9A67-782DC46B09E3}.Release|Any CPU.Build.0 = Release|Any CPU
		{876C3F78-105A-4A58-AA7D-FD18398639D0}.Debug|Any CPU.ActiveCfg = Debug|Any CPU
		{876C3F78-105A-4A58-AA7D-FD18398639D0}.Debug|Any CPU.Build.0 = Debug|Any CPU
		{876C3F78-105A-4A58-AA7D-FD18398639D0}.Release|Any CPU.ActiveCfg = Release|Any CPU
		{876C3F78-105A-4A58-AA7D-FD18398639D0}.Release|Any CPU.Build.0 = Release|Any CPU
		{5E473D4F-5554-4195-A79C-5486606B95A5}.Debug|Any CPU.ActiveCfg = Debug|Any CPU
		{5E473D4F-5554-4195-A79C-5486606B95A5}.Debug|Any CPU.Build.0 = Debug|Any CPU
		{5E473D4F-5554-4195-A79C-5486606B95A5}.Release|Any CPU.ActiveCfg = Release|Any CPU
		{5E473D4F-5554-4195-A79C-5486606B95A5}.Release|Any CPU.Build.0 = Release|Any CPU
		{78A461F1-CEED-40E7-A893-E366CA33BAFF}.Debug|Any CPU.ActiveCfg = Debug|Any CPU
		{78A461F1-CEED-40E7-A893-E366CA33BAFF}.Debug|Any CPU.Build.0 = Debug|Any CPU
		{78A461F1-CEED-40E7-A893-E366CA33BAFF}.Release|Any CPU.ActiveCfg = Release|Any CPU
		{78A461F1-CEED-40E7-A893-E366CA33BAFF}.Release|Any CPU.Build.0 = Release|Any CPU
		{4494333D-1D8C-44E9-8DF3-50D2AE0868D1}.Debug|Any CPU.ActiveCfg = Debug|Any CPU
		{4494333D-1D8C-44E9-8DF3-50D2AE0868D1}.Debug|Any CPU.Build.0 = Debug|Any CPU
		{4494333D-1D8C-44E9-8DF3-50D2AE0868D1}.Release|Any CPU.ActiveCfg = Release|Any CPU
		{4494333D-1D8C-44E9-8DF3-50D2AE0868D1}.Release|Any CPU.Build.0 = Release|Any CPU
		{47EE99E9-5D26-4444-9DE5-9A1B140D5C73}.Debug|Any CPU.ActiveCfg = Debug|Any CPU
		{47EE99E9-5D26-4444-9DE5-9A1B140D5C73}.Debug|Any CPU.Build.0 = Debug|Any CPU
		{47EE99E9-5D26-4444-9DE5-9A1B140D5C73}.Release|Any CPU.ActiveCfg = Release|Any CPU
		{47EE99E9-5D26-4444-9DE5-9A1B140D5C73}.Release|Any CPU.Build.0 = Release|Any CPU
		{BE3259A0-227B-408F-B2D2-6E4D6F4452E8}.Debug|Any CPU.ActiveCfg = Debug|Any CPU
		{BE3259A0-227B-408F-B2D2-6E4D6F4452E8}.Debug|Any CPU.Build.0 = Debug|Any CPU
		{BE3259A0-227B-408F-B2D2-6E4D6F4452E8}.Release|Any CPU.ActiveCfg = Release|Any CPU
		{BE3259A0-227B-408F-B2D2-6E4D6F4452E8}.Release|Any CPU.Build.0 = Release|Any CPU
		{F67C931D-7E13-404D-8DE8-66ACEF1205BE}.Debug|Any CPU.ActiveCfg = Debug|Any CPU
		{F67C931D-7E13-404D-8DE8-66ACEF1205BE}.Debug|Any CPU.Build.0 = Debug|Any CPU
		{F67C931D-7E13-404D-8DE8-66ACEF1205BE}.Release|Any CPU.ActiveCfg = Release|Any CPU
		{F67C931D-7E13-404D-8DE8-66ACEF1205BE}.Release|Any CPU.Build.0 = Release|Any CPU
		{1C1BE5EF-C5A2-4514-B9B5-786BDF9B4643}.Debug|Any CPU.ActiveCfg = Debug|Any CPU
		{1C1BE5EF-C5A2-4514-B9B5-786BDF9B4643}.Debug|Any CPU.Build.0 = Debug|Any CPU
		{1C1BE5EF-C5A2-4514-B9B5-786BDF9B4643}.Release|Any CPU.ActiveCfg = Release|Any CPU
		{1C1BE5EF-C5A2-4514-B9B5-786BDF9B4643}.Release|Any CPU.Build.0 = Release|Any CPU
	EndGlobalSection
	GlobalSection(SolutionProperties) = preSolution
		HideSolutionNode = FALSE
	EndGlobalSection
EndGlobal
