
Microsoft Visual Studio Solution File, Format Version 10.00
# Visual C# Express 2008
Project("{FAE04EC0-301F-11D3-BF4B-00C04F79EFBC}") = "Recipe_02_01", "Recipe_02_01\Recipe_02_01.csproj", "{E1295EBE-E4CA-4F11-91E9-3F12FFD2D8A8}"
EndProject
Project("{FAE04EC0-301F-11D3-BF4B-00C04F79EFBC}") = "Recipe_02_02", "Recipe_02_02\Recipe_02_02.csproj", "{711F9383-46C0-4A38-876C-ABA1D4A22055}"
EndProject
Project("{FAE04EC0-301F-11D3-BF4B-00C04F79EFBC}") = "Recipe_02_03", "Recipe_02_03\Recipe_02_03.csproj", "{E0E2E5EC-209D-4A92-9D07-801761E473B0}"
EndProject
Project("{FAE04EC0-301F-11D3-BF4B-00C04F79EFBC}") = "Recipe_02_04", "Recipe_02_04\Recipe_02_04.csproj", "{BB9A9FA6-A048-40A7-8401-EDE04B571926}"
EndProject
Project("{FAE04EC0-301F-11D3-BF4B-00C04F79EFBC}") = "Recipe_02_05", "Recipe_02_05\Recipe_02_05.csproj", "{4913C560-6B22-4F27-97B6-55DE00663595}"
EndProject
Project("{FAE04EC0-301F-11D3-BF4B-00C04F79EFBC}") = "Recipe_02_06", "Recipe_02_06\Recipe_02_06.csproj", "{8932AD42-1F15-4A5C-8BBD-AF76ADE45448}"
EndProject
Project("{FAE04EC0-301F-11D3-BF4B-00C04F79EFBC}") = "Recipe_02_07", "Recipe_02_07\Recipe_02_07.csproj", "{29DF98A0-5A11-4799-8B84-7D35AD48AFB2}"
EndProject
Project("{FAE04EC0-301F-11D3-BF4B-00C04F79EFBC}") = "Recipe_02_08", "Recipe_02_08\Recipe_02_08.csproj", "{957E5815-B981-46E3-8E99-95D4C6A655EB}"
EndProject
Project("{FAE04EC0-301F-11D3-BF4B-00C04F79EFBC}") = "Recipe_02_09", "Recipe_02_09\Recipe_02_09.csproj", "{0F684FED-8F1E-4F2B-AF04-7B8A22E58C61}"
EndProject
Project("{FAE04EC0-301F-11D3-BF4B-00C04F79EFBC}") = "Recipe_02_10", "Recipe_02_10\Recipe_02_10.csproj", "{EED24EEE-DF83-49F8-A497-3C0D6C09FC1A}"
EndProject
Project("{FAE04EC0-301F-11D3-BF4B-00C04F79EFBC}") = "Recipe_02_11", "Recipe_02_11\Recipe_02_11.csproj", "{A1C4F665-71DA-4B79-AE6A-6F677D26CF16}"
EndProject
Project("{FAE04EC0-301F-11D3-BF4B-00C04F79EFBC}") = "Recipe_02_12", "Recipe_02_12\Recipe_02_12.csproj", "{A123223B-9C3E-45C0-9709-4102E9F9F9E8}"
EndProject
Project("{FAE04EC0-301F-11D3-BF4B-00C04F79EFBC}") = "Recipe_02_13", "Recipe_02_13\Recipe_02_13.csproj", "{CFC44A6C-6DCA-4206-8E63-5F6F8FCC78C1}"
EndProject
Project("{FAE04EC0-301F-11D3-BF4B-00C04F79EFBC}") = "Recipe_02_14", "Recipe_02_14\Recipe_02_14.csproj", "{834A017B-7273-4D94-BD66-BBEFCAE3CBAE}"
EndProject
Project("{FAE04EC0-301F-11D3-BF4B-00C04F79EFBC}") = "Recipe_02_15", "Recipe_02_15\Recipe_02_15.csproj", "{187A574C-A3A7-45B0-A81D-9DCC224F4C76}"
EndProject
Project("{FAE04EC0-301F-11D3-BF4B-00C04F79EFBC}") = "Recipe_02_16", "Recipe_02_16\Recipe_02_16.csproj", "{CACCAC2D-9D71-4948-92B9-E9AC3804CB7A}"
EndProject
Project("{FAE04EC0-301F-11D3-BF4B-00C04F79EFBC}") = "Recipe_02_17", "Recipe_02_17\Recipe_02_17.csproj", "{03662FD2-7B7C-4968-A2E8-8EFD67DC83E3}"
EndProject
Project("{FAE04EC0-301F-11D3-BF4B-00C04F79EFBC}") = "Recipe_02_18", "Recipe_02_18\Recipe_02_18.csproj", "{E54EC0C1-4040-4060-9EBA-6340726E0875}"
EndProject
Project("{FAE04EC0-301F-11D3-BF4B-00C04F79EFBC}") = "Recipe_02_19", "Recipe_02_19\Recipe_02_19.csproj", "{FA81BDA5-5637-4676-BBA9-EB968AFA993C}"
EndProject
Global
	GlobalSection(SolutionConfigurationPlatforms) = preSolution
		Debug|Any CPU = Debug|Any CPU
		Release|Any CPU = Release|Any CPU
	EndGlobalSection
	GlobalSection(ProjectConfigurationPlatforms) = postSolution
		{E1295EBE-E4CA-4F11-91E9-3F12FFD2D8A8}.Debug|Any CPU.ActiveCfg = Debug|Any CPU
		{E1295EBE-E4CA-4F11-91E9-3F12FFD2D8A8}.Debug|Any CPU.Build.0 = Debug|Any CPU
		{E1295EBE-E4CA-4F11-91E9-3F12FFD2D8A8}.Release|Any CPU.ActiveCfg = Release|Any CPU
		{E1295EBE-E4CA-4F11-91E9-3F12FFD2D8A8}.Release|Any CPU.Build.0 = Release|Any CPU
		{711F9383-46C0-4A38-876C-ABA1D4A22055}.Debug|Any CPU.ActiveCfg = Debug|Any CPU
		{711F9383-46C0-4A38-876C-ABA1D4A22055}.Debug|Any CPU.Build.0 = Debug|Any CPU
		{711F9383-46C0-4A38-876C-ABA1D4A22055}.Release|Any CPU.ActiveCfg = Release|Any CPU
		{711F9383-46C0-4A38-876C-ABA1D4A22055}.Release|Any CPU.Build.0 = Release|Any CPU
		{E0E2E5EC-209D-4A92-9D07-801761E473B0}.Debug|Any CPU.ActiveCfg = Debug|Any CPU
		{E0E2E5EC-209D-4A92-9D07-801761E473B0}.Debug|Any CPU.Build.0 = Debug|Any CPU
		{E0E2E5EC-209D-4A92-9D07-801761E473B0}.Release|Any CPU.ActiveCfg = Release|Any CPU
		{E0E2E5EC-209D-4A92-9D07-801761E473B0}.Release|Any CPU.Build.0 = Release|Any CPU
		{BB9A9FA6-A048-40A7-8401-EDE04B571926}.Debug|Any CPU.ActiveCfg = Debug|Any CPU
		{BB9A9FA6-A048-40A7-8401-EDE04B571926}.Debug|Any CPU.Build.0 = Debug|Any CPU
		{BB9A9FA6-A048-40A7-8401-EDE04B571926}.Release|Any CPU.ActiveCfg = Release|Any CPU
		{BB9A9FA6-A048-40A7-8401-EDE04B571926}.Release|Any CPU.Build.0 = Release|Any CPU
		{4913C560-6B22-4F27-97B6-55DE00663595}.Debug|Any CPU.ActiveCfg = Debug|Any CPU
		{4913C560-6B22-4F27-97B6-55DE00663595}.Debug|Any CPU.Build.0 = Debug|Any CPU
		{4913C560-6B22-4F27-97B6-55DE00663595}.Release|Any CPU.ActiveCfg = Release|Any CPU
		{4913C560-6B22-4F27-97B6-55DE00663595}.Release|Any CPU.Build.0 = Release|Any CPU
		{8932AD42-1F15-4A5C-8BBD-AF76ADE45448}.Debug|Any CPU.ActiveCfg = Debug|Any CPU
		{8932AD42-1F15-4A5C-8BBD-AF76ADE45448}.Debug|Any CPU.Build.0 = Debug|Any CPU
		{8932AD42-1F15-4A5C-8BBD-AF76ADE45448}.Release|Any CPU.ActiveCfg = Release|Any CPU
		{8932AD42-1F15-4A5C-8BBD-AF76ADE45448}.Release|Any CPU.Build.0 = Release|Any CPU
		{29DF98A0-5A11-4799-8B84-7D35AD48AFB2}.Debug|Any CPU.ActiveCfg = Debug|Any CPU
		{29DF98A0-5A11-4799-8B84-7D35AD48AFB2}.Debug|Any CPU.Build.0 = Debug|Any CPU
		{29DF98A0-5A11-4799-8B84-7D35AD48AFB2}.Release|Any CPU.ActiveCfg = Release|Any CPU
		{29DF98A0-5A11-4799-8B84-7D35AD48AFB2}.Release|Any CPU.Build.0 = Release|Any CPU
		{957E5815-B981-46E3-8E99-95D4C6A655EB}.Debug|Any CPU.ActiveCfg = Debug|Any CPU
		{957E5815-B981-46E3-8E99-95D4C6A655EB}.Debug|Any CPU.Build.0 = Debug|Any CPU
		{957E5815-B981-46E3-8E99-95D4C6A655EB}.Release|Any CPU.ActiveCfg = Release|Any CPU
		{957E5815-B981-46E3-8E99-95D4C6A655EB}.Release|Any CPU.Build.0 = Release|Any CPU
		{0F684FED-8F1E-4F2B-AF04-7B8A22E58C61}.Debug|Any CPU.ActiveCfg = Debug|Any CPU
		{0F684FED-8F1E-4F2B-AF04-7B8A22E58C61}.Debug|Any CPU.Build.0 = Debug|Any CPU
		{0F684FED-8F1E-4F2B-AF04-7B8A22E58C61}.Release|Any CPU.ActiveCfg = Release|Any CPU
		{0F684FED-8F1E-4F2B-AF04-7B8A22E58C61}.Release|Any CPU.Build.0 = Release|Any CPU
		{EED24EEE-DF83-49F8-A497-3C0D6C09FC1A}.Debug|Any CPU.ActiveCfg = Debug|Any CPU
		{EED24EEE-DF83-49F8-A497-3C0D6C09FC1A}.Debug|Any CPU.Build.0 = Debug|Any CPU
		{EED24EEE-DF83-49F8-A497-3C0D6C09FC1A}.Release|Any CPU.ActiveCfg = Release|Any CPU
		{EED24EEE-DF83-49F8-A497-3C0D6C09FC1A}.Release|Any CPU.Build.0 = Release|Any CPU
		{A1C4F665-71DA-4B79-AE6A-6F677D26CF16}.Debug|Any CPU.ActiveCfg = Debug|Any CPU
		{A1C4F665-71DA-4B79-AE6A-6F677D26CF16}.Debug|Any CPU.Build.0 = Debug|Any CPU
		{A1C4F665-71DA-4B79-AE6A-6F677D26CF16}.Release|Any CPU.ActiveCfg = Release|Any CPU
		{A1C4F665-71DA-4B79-AE6A-6F677D26CF16}.Release|Any CPU.Build.0 = Release|Any CPU
		{A123223B-9C3E-45C0-9709-4102E9F9F9E8}.Debug|Any CPU.ActiveCfg = Debug|Any CPU
		{A123223B-9C3E-45C0-9709-4102E9F9F9E8}.Debug|Any CPU.Build.0 = Debug|Any CPU
		{A123223B-9C3E-45C0-9709-4102E9F9F9E8}.Release|Any CPU.ActiveCfg = Release|Any CPU
		{A123223B-9C3E-45C0-9709-4102E9F9F9E8}.Release|Any CPU.Build.0 = Release|Any CPU
		{CFC44A6C-6DCA-4206-8E63-5F6F8FCC78C1}.Debug|Any CPU.ActiveCfg = Debug|Any CPU
		{CFC44A6C-6DCA-4206-8E63-5F6F8FCC78C1}.Debug|Any CPU.Build.0 = Debug|Any CPU
		{CFC44A6C-6DCA-4206-8E63-5F6F8FCC78C1}.Release|Any CPU.ActiveCfg = Release|Any CPU
		{CFC44A6C-6DCA-4206-8E63-5F6F8FCC78C1}.Release|Any CPU.Build.0 = Release|Any CPU
		{834A017B-7273-4D94-BD66-BBEFCAE3CBAE}.Debug|Any CPU.ActiveCfg = Debug|Any CPU
		{834A017B-7273-4D94-BD66-BBEFCAE3CBAE}.Debug|Any CPU.Build.0 = Debug|Any CPU
		{834A017B-7273-4D94-BD66-BBEFCAE3CBAE}.Release|Any CPU.ActiveCfg = Release|Any CPU
		{834A017B-7273-4D94-BD66-BBEFCAE3CBAE}.Release|Any CPU.Build.0 = Release|Any CPU
		{187A574C-A3A7-45B0-A81D-9DCC224F4C76}.Debug|Any CPU.ActiveCfg = Debug|Any CPU
		{187A574C-A3A7-45B0-A81D-9DCC224F4C76}.Debug|Any CPU.Build.0 = Debug|Any CPU
		{187A574C-A3A7-45B0-A81D-9DCC224F4C76}.Release|Any CPU.ActiveCfg = Release|Any CPU
		{187A574C-A3A7-45B0-A81D-9DCC224F4C76}.Release|Any CPU.Build.0 = Release|Any CPU
		{CACCAC2D-9D71-4948-92B9-E9AC3804CB7A}.Debug|Any CPU.ActiveCfg = Debug|Any CPU
		{CACCAC2D-9D71-4948-92B9-E9AC3804CB7A}.Debug|Any CPU.Build.0 = Debug|Any CPU
		{CACCAC2D-9D71-4948-92B9-E9AC3804CB7A}.Release|Any CPU.ActiveCfg = Release|Any CPU
		{CACCAC2D-9D71-4948-92B9-E9AC3804CB7A}.Release|Any CPU.Build.0 = Release|Any CPU
		{03662FD2-7B7C-4968-A2E8-8EFD67DC83E3}.Debug|Any CPU.ActiveCfg = Debug|Any CPU
		{03662FD2-7B7C-4968-A2E8-8EFD67DC83E3}.Debug|Any CPU.Build.0 = Debug|Any CPU
		{03662FD2-7B7C-4968-A2E8-8EFD67DC83E3}.Release|Any CPU.ActiveCfg = Release|Any CPU
		{03662FD2-7B7C-4968-A2E8-8EFD67DC83E3}.Release|Any CPU.Build.0 = Release|Any CPU
		{E54EC0C1-4040-4060-9EBA-6340726E0875}.Debug|Any CPU.ActiveCfg = Debug|Any CPU
		{E54EC0C1-4040-4060-9EBA-6340726E0875}.Debug|Any CPU.Build.0 = Debug|Any CPU
		{E54EC0C1-4040-4060-9EBA-6340726E0875}.Release|Any CPU.ActiveCfg = Release|Any CPU
		{E54EC0C1-4040-4060-9EBA-6340726E0875}.Release|Any CPU.Build.0 = Release|Any CPU
		{FA81BDA5-5637-4676-BBA9-EB968AFA993C}.Debug|Any CPU.ActiveCfg = Debug|Any CPU
		{FA81BDA5-5637-4676-BBA9-EB968AFA993C}.Debug|Any CPU.Build.0 = Debug|Any CPU
		{FA81BDA5-5637-4676-BBA9-EB968AFA993C}.Release|Any CPU.ActiveCfg = Release|Any CPU
		{FA81BDA5-5637-4676-BBA9-EB968AFA993C}.Release|Any CPU.Build.0 = Release|Any CPU
	EndGlobalSection
	GlobalSection(SolutionProperties) = preSolution
		HideSolutionNode = FALSE
	EndGlobalSection
EndGlobal
